
Microsoft Visual Studio Solution File, Format Version 12.00
# Visual Studio 15
VisualStudioVersion = 15.0.26430.16
MinimumVisualStudioVersion = 10.0.40219.1
Project("{9A19103F-16F7-4668-BE54-9A1E7A4F7556}") = "Microsoft.IdentityModel.Clients.ActiveDirectory", "src\Microsoft.IdentityModel.Clients.ActiveDirectory\Microsoft.IdentityModel.Clients.ActiveDirectory.csproj", "{AECE489D-9ED4-442D-8D8F-0F383AEBB781}"
EndProject
Project("{2150E333-8FDC-42A3-9474-1A3956D46DE8}") = "src", "src", "{D62811A9-35C0-43C9-926A-51EC4D6F7AD8}"
EndProject
Project("{2150E333-8FDC-42A3-9474-1A3956D46DE8}") = "tests", "tests", "{CF9400D7-1CFA-4495-AA6D-24105B10801A}"
EndProject
Project("{FAE04EC0-301F-11D3-BF4B-00C04F79EFBC}") = "Test.ADAL.NET.Unit", "tests\Test.ADAL.NET.Unit\Test.ADAL.NET.Unit.csproj", "{91E9E564-8A44-457B-A97C-E76C9F6275D6}"
EndProject
Project("{FAE04EC0-301F-11D3-BF4B-00C04F79EFBC}") = "Test.ADAL.NET.Integration", "tests\Test.ADAL.NET.Integration\Test.ADAL.NET.Integration.csproj", "{2BD6EA30-37A4-4799-B778-A473FC6B19D4}"
EndProject
Global
	GlobalSection(SolutionConfigurationPlatforms) = preSolution
		Debug|Any CPU = Debug|Any CPU
		Release|Any CPU = Release|Any CPU
	EndGlobalSection
	GlobalSection(ProjectConfigurationPlatforms) = postSolution
		{AECE489D-9ED4-442D-8D8F-0F383AEBB781}.Debug|Any CPU.ActiveCfg = Debug|Any CPU
		{AECE489D-9ED4-442D-8D8F-0F383AEBB781}.Debug|Any CPU.Build.0 = Debug|Any CPU
		{AECE489D-9ED4-442D-8D8F-0F383AEBB781}.Release|Any CPU.ActiveCfg = Release|Any CPU
		{AECE489D-9ED4-442D-8D8F-0F383AEBB781}.Release|Any CPU.Build.0 = Release|Any CPU
		{91E9E564-8A44-457B-A97C-E76C9F6275D6}.Debug|Any CPU.ActiveCfg = Debug|Any CPU
		{91E9E564-8A44-457B-A97C-E76C9F6275D6}.Debug|Any CPU.Build.0 = Debug|Any CPU
		{91E9E564-8A44-457B-A97C-E76C9F6275D6}.Release|Any CPU.ActiveCfg = Release|Any CPU
		{91E9E564-8A44-457B-A97C-E76C9F6275D6}.Release|Any CPU.Build.0 = Release|Any CPU
		{2BD6EA30-37A4-4799-B778-A473FC6B19D4}.Debug|Any CPU.ActiveCfg = Debug|Any CPU
		{2BD6EA30-37A4-4799-B778-A473FC6B19D4}.Debug|Any CPU.Build.0 = Debug|Any CPU
		{2BD6EA30-37A4-4799-B778-A473FC6B19D4}.Release|Any CPU.ActiveCfg = Release|Any CPU
		{2BD6EA30-37A4-4799-B778-A473FC6B19D4}.Release|Any CPU.Build.0 = Release|Any CPU
	EndGlobalSection
	GlobalSection(SolutionProperties) = preSolution
		HideSolutionNode = FALSE
	EndGlobalSection
	GlobalSection(NestedProjects) = preSolution
		{AECE489D-9ED4-442D-8D8F-0F383AEBB781} = {D62811A9-35C0-43C9-926A-51EC4D6F7AD8}
		{91E9E564-8A44-457B-A97C-E76C9F6275D6} = {CF9400D7-1CFA-4495-AA6D-24105B10801A}
		{2BD6EA30-37A4-4799-B778-A473FC6B19D4} = {CF9400D7-1CFA-4495-AA6D-24105B10801A}
	EndGlobalSection
EndGlobal
