
Microsoft Visual Studio Solution File, Format Version 12.00
# Visual Studio 15
VisualStudioVersion = 15.0.27130.2020
MinimumVisualStudioVersion = 10.0.40219.1
Project("{9A19103F-16F7-4668-BE54-9A1E7A4F7556}") = "Microsoft.IdentityModel.Clients.ActiveDirectory", "adal\src\Microsoft.IdentityModel.Clients.ActiveDirectory\Microsoft.IdentityModel.Clients.ActiveDirectory.csproj", "{AECE489D-9ED4-442D-8D8F-0F383AEBB781}"
EndProject
Project("{2150E333-8FDC-42A3-9474-1A3956D46DE8}") = "src", "src", "{D62811A9-35C0-43C9-926A-51EC4D6F7AD8}"
EndProject
Project("{2150E333-8FDC-42A3-9474-1A3956D46DE8}") = "tests", "tests", "{CF9400D7-1CFA-4495-AA6D-24105B10801A}"
EndProject
Project("{2150E333-8FDC-42A3-9474-1A3956D46DE8}") = "devApps", "devApps", "{54CB21B9-187C-4E63-9022-A9964886C56D}"
EndProject
Project("{2150E333-8FDC-42A3-9474-1A3956D46DE8}") = "XForms", "XForms", "{32A145D6-95A9-4232-B33E-AC4D9C392114}"
EndProject
Project("{9A19103F-16F7-4668-BE54-9A1E7A4F7556}") = "XFormsApp", "adal\devApps\XFormsApp\XFormsApp.csproj", "{856EA096-2283-49B6-B2CD-5C603551D150}"
EndProject
Project("{FAE04EC0-301F-11D3-BF4B-00C04F79EFBC}") = "XFormsApp.iOS", "adal\devApps\XFormsApp.iOS\XFormsApp.iOS.csproj", "{FDED3627-94FD-4886-A540-3AC05380095B}"
EndProject
Project("{9A19103F-16F7-4668-BE54-9A1E7A4F7556}") = "Test.ADAL.NET.Common", "adal\tests\Test.ADAL.NET.Common\Test.ADAL.NET.Common.csproj", "{412F8F05-2694-4D2E-8FE0-A821721CF682}"
EndProject
Project("{9A19103F-16F7-4668-BE54-9A1E7A4F7556}") = "Microsoft.Identity.Core", "core\src\Microsoft.Identity.Core.csproj", "{3EEF5981-8F11-4F54-9DDF-2F63C574D028}"
EndProject
Project("{2150E333-8FDC-42A3-9474-1A3956D46DE8}") = "adal", "adal", "{A9AB2476-ED5F-4804-90F5-16C1F286C73A}"
EndProject
Project("{2150E333-8FDC-42A3-9474-1A3956D46DE8}") = "msal", "msal", "{68B4CCE9-FBC2-4537-9AD8-C4692CD6661B}"
EndProject
Project("{2150E333-8FDC-42A3-9474-1A3956D46DE8}") = "core", "core", "{1B80E121-55C5-48A5-8285-0AB9719244E6}"
EndProject
Project("{2150E333-8FDC-42A3-9474-1A3956D46DE8}") = "src", "src", "{88E00ABD-6C6D-4A96-86E2-FB15CA18F4B9}"
EndProject
Project("{9A19103F-16F7-4668-BE54-9A1E7A4F7556}") = "Microsoft.Identity.Client", "msal\src\Microsoft.Identity.Client\Microsoft.Identity.Client.csproj", "{60117A9B-4BB8-472E-BFFF-52CBF67CA95A}"
EndProject
Project("{2150E333-8FDC-42A3-9474-1A3956D46DE8}") = "src", "src", "{16EFED33-2014-430A-B76A-F75BC08B18E2}"
EndProject
Project("{2150E333-8FDC-42A3-9474-1A3956D46DE8}") = "dev apps", "dev apps", "{34BE693E-3496-45A4-B1D2-D3A0E068EEDB}"
EndProject
Project("{2150E333-8FDC-42A3-9474-1A3956D46DE8}") = "xamarin forms", "xamarin forms", "{3761DEF3-458C-4CE2-BE94-4FC9D12217CC}"
EndProject
Project("{9A19103F-16F7-4668-BE54-9A1E7A4F7556}") = "XForms", "msal\tests\dev apps\XForms\XForms\XForms.csproj", "{8D14A8FF-6CB9-44B1-B7C4-3C1D79CE8412}"
EndProject
Project("{FAE04EC0-301F-11D3-BF4B-00C04F79EFBC}") = "XForms.iOS", "msal\tests\dev apps\XForms\XForms.iOS\XForms.iOS.csproj", "{146ECCB6-C3F1-4E97-BC52-20FEB7785C62}"
EndProject
Project("{2150E333-8FDC-42A3-9474-1A3956D46DE8}") = "build", "build", "{E19B0572-BBD7-424E-81D5-E59E6884EB3A}"
	ProjectSection(SolutionItems) = preProject
		build\SolutionWideAnalyzerConfig.ruleset = build\SolutionWideAnalyzerConfig.ruleset
	EndProjectSection
EndProject
Project("{9A19103F-16F7-4668-BE54-9A1E7A4F7556}") = "Test.ADAL.NET.Unit.net45", "adal\tests\Test.ADAL.NET.Unit.net45\Test.ADAL.NET.Unit.net45.csproj", "{91E9E564-8A44-457B-A97C-E76C9F6275D6}"
EndProject
Project("{9A19103F-16F7-4668-BE54-9A1E7A4F7556}") = "Test.ADAL.NET.Unit.netcore", "adal\tests\Test.ADAL.NET.Unit.netcore\Test.ADAL.NET.Unit.netcore.csproj", "{B3FD3E41-2331-4923-80C5-DF3A9B3B9A0C}"
EndProject
Global
	GlobalSection(SolutionConfigurationPlatforms) = preSolution
		Ad-Hoc|Any CPU = Ad-Hoc|Any CPU
		Ad-Hoc|ARM = Ad-Hoc|ARM
		Ad-Hoc|ARM64 = Ad-Hoc|ARM64
		Ad-Hoc|iPhone = Ad-Hoc|iPhone
		Ad-Hoc|iPhoneSimulator = Ad-Hoc|iPhoneSimulator
		Ad-Hoc|x64 = Ad-Hoc|x64
		Ad-Hoc|x86 = Ad-Hoc|x86
		AppStore|Any CPU = AppStore|Any CPU
		AppStore|ARM = AppStore|ARM
		AppStore|ARM64 = AppStore|ARM64
		AppStore|iPhone = AppStore|iPhone
		AppStore|iPhoneSimulator = AppStore|iPhoneSimulator
		AppStore|x64 = AppStore|x64
		AppStore|x86 = AppStore|x86
		Appveyor|Any CPU = Appveyor|Any CPU
		Appveyor|ARM = Appveyor|ARM
		Appveyor|ARM64 = Appveyor|ARM64
		Appveyor|iPhone = Appveyor|iPhone
		Appveyor|iPhoneSimulator = Appveyor|iPhoneSimulator
		Appveyor|x64 = Appveyor|x64
		Appveyor|x86 = Appveyor|x86
		Debug|Any CPU = Debug|Any CPU
		Debug|ARM = Debug|ARM
		Debug|ARM64 = Debug|ARM64
		Debug|iPhone = Debug|iPhone
		Debug|iPhoneSimulator = Debug|iPhoneSimulator
		Debug|x64 = Debug|x64
		Debug|x86 = Debug|x86
		Release|Any CPU = Release|Any CPU
		Release|ARM = Release|ARM
		Release|ARM64 = Release|ARM64
		Release|iPhone = Release|iPhone
		Release|iPhoneSimulator = Release|iPhoneSimulator
		Release|x64 = Release|x64
		Release|x86 = Release|x86
	EndGlobalSection
	GlobalSection(ProjectConfigurationPlatforms) = postSolution
		{AECE489D-9ED4-442D-8D8F-0F383AEBB781}.Ad-Hoc|Any CPU.ActiveCfg = Release|Any CPU
		{AECE489D-9ED4-442D-8D8F-0F383AEBB781}.Ad-Hoc|Any CPU.Build.0 = Release|Any CPU
		{AECE489D-9ED4-442D-8D8F-0F383AEBB781}.Ad-Hoc|ARM.ActiveCfg = Debug|Any CPU
		{AECE489D-9ED4-442D-8D8F-0F383AEBB781}.Ad-Hoc|ARM.Build.0 = Debug|Any CPU
		{AECE489D-9ED4-442D-8D8F-0F383AEBB781}.Ad-Hoc|ARM64.ActiveCfg = Debug|Any CPU
		{AECE489D-9ED4-442D-8D8F-0F383AEBB781}.Ad-Hoc|ARM64.Build.0 = Debug|Any CPU
		{AECE489D-9ED4-442D-8D8F-0F383AEBB781}.Ad-Hoc|iPhone.ActiveCfg = Release|Any CPU
		{AECE489D-9ED4-442D-8D8F-0F383AEBB781}.Ad-Hoc|iPhone.Build.0 = Release|Any CPU
		{AECE489D-9ED4-442D-8D8F-0F383AEBB781}.Ad-Hoc|iPhoneSimulator.ActiveCfg = Release|Any CPU
		{AECE489D-9ED4-442D-8D8F-0F383AEBB781}.Ad-Hoc|iPhoneSimulator.Build.0 = Release|Any CPU
		{AECE489D-9ED4-442D-8D8F-0F383AEBB781}.Ad-Hoc|x64.ActiveCfg = Debug|Any CPU
		{AECE489D-9ED4-442D-8D8F-0F383AEBB781}.Ad-Hoc|x64.Build.0 = Debug|Any CPU
		{AECE489D-9ED4-442D-8D8F-0F383AEBB781}.Ad-Hoc|x86.ActiveCfg = Debug|Any CPU
		{AECE489D-9ED4-442D-8D8F-0F383AEBB781}.Ad-Hoc|x86.Build.0 = Debug|Any CPU
		{AECE489D-9ED4-442D-8D8F-0F383AEBB781}.AppStore|Any CPU.ActiveCfg = Release|Any CPU
		{AECE489D-9ED4-442D-8D8F-0F383AEBB781}.AppStore|Any CPU.Build.0 = Release|Any CPU
		{AECE489D-9ED4-442D-8D8F-0F383AEBB781}.AppStore|ARM.ActiveCfg = Debug|Any CPU
		{AECE489D-9ED4-442D-8D8F-0F383AEBB781}.AppStore|ARM.Build.0 = Debug|Any CPU
		{AECE489D-9ED4-442D-8D8F-0F383AEBB781}.AppStore|ARM64.ActiveCfg = Debug|Any CPU
		{AECE489D-9ED4-442D-8D8F-0F383AEBB781}.AppStore|ARM64.Build.0 = Debug|Any CPU
		{AECE489D-9ED4-442D-8D8F-0F383AEBB781}.AppStore|iPhone.ActiveCfg = Release|Any CPU
		{AECE489D-9ED4-442D-8D8F-0F383AEBB781}.AppStore|iPhone.Build.0 = Release|Any CPU
		{AECE489D-9ED4-442D-8D8F-0F383AEBB781}.AppStore|iPhoneSimulator.ActiveCfg = Release|Any CPU
		{AECE489D-9ED4-442D-8D8F-0F383AEBB781}.AppStore|iPhoneSimulator.Build.0 = Release|Any CPU
		{AECE489D-9ED4-442D-8D8F-0F383AEBB781}.AppStore|x64.ActiveCfg = Debug|Any CPU
		{AECE489D-9ED4-442D-8D8F-0F383AEBB781}.AppStore|x64.Build.0 = Debug|Any CPU
		{AECE489D-9ED4-442D-8D8F-0F383AEBB781}.AppStore|x86.ActiveCfg = Debug|Any CPU
		{AECE489D-9ED4-442D-8D8F-0F383AEBB781}.AppStore|x86.Build.0 = Debug|Any CPU
		{AECE489D-9ED4-442D-8D8F-0F383AEBB781}.Appveyor|Any CPU.ActiveCfg = Release|Any CPU
		{AECE489D-9ED4-442D-8D8F-0F383AEBB781}.Appveyor|Any CPU.Build.0 = Release|Any CPU
		{AECE489D-9ED4-442D-8D8F-0F383AEBB781}.Appveyor|ARM.ActiveCfg = Release|Any CPU
		{AECE489D-9ED4-442D-8D8F-0F383AEBB781}.Appveyor|ARM.Build.0 = Release|Any CPU
		{AECE489D-9ED4-442D-8D8F-0F383AEBB781}.Appveyor|ARM64.ActiveCfg = Debug|Any CPU
		{AECE489D-9ED4-442D-8D8F-0F383AEBB781}.Appveyor|ARM64.Build.0 = Debug|Any CPU
		{AECE489D-9ED4-442D-8D8F-0F383AEBB781}.Appveyor|iPhone.ActiveCfg = Release|Any CPU
		{AECE489D-9ED4-442D-8D8F-0F383AEBB781}.Appveyor|iPhone.Build.0 = Release|Any CPU
		{AECE489D-9ED4-442D-8D8F-0F383AEBB781}.Appveyor|iPhoneSimulator.ActiveCfg = Release|Any CPU
		{AECE489D-9ED4-442D-8D8F-0F383AEBB781}.Appveyor|iPhoneSimulator.Build.0 = Release|Any CPU
		{AECE489D-9ED4-442D-8D8F-0F383AEBB781}.Appveyor|x64.ActiveCfg = Release|Any CPU
		{AECE489D-9ED4-442D-8D8F-0F383AEBB781}.Appveyor|x64.Build.0 = Release|Any CPU
		{AECE489D-9ED4-442D-8D8F-0F383AEBB781}.Appveyor|x86.ActiveCfg = Release|Any CPU
		{AECE489D-9ED4-442D-8D8F-0F383AEBB781}.Appveyor|x86.Build.0 = Release|Any CPU
		{AECE489D-9ED4-442D-8D8F-0F383AEBB781}.Debug|Any CPU.ActiveCfg = Debug|Any CPU
		{AECE489D-9ED4-442D-8D8F-0F383AEBB781}.Debug|Any CPU.Build.0 = Debug|Any CPU
		{AECE489D-9ED4-442D-8D8F-0F383AEBB781}.Debug|ARM.ActiveCfg = Debug|Any CPU
		{AECE489D-9ED4-442D-8D8F-0F383AEBB781}.Debug|ARM.Build.0 = Debug|Any CPU
		{AECE489D-9ED4-442D-8D8F-0F383AEBB781}.Debug|ARM64.ActiveCfg = Debug|Any CPU
		{AECE489D-9ED4-442D-8D8F-0F383AEBB781}.Debug|ARM64.Build.0 = Debug|Any CPU
		{AECE489D-9ED4-442D-8D8F-0F383AEBB781}.Debug|iPhone.ActiveCfg = Debug|Any CPU
		{AECE489D-9ED4-442D-8D8F-0F383AEBB781}.Debug|iPhone.Build.0 = Debug|Any CPU
		{AECE489D-9ED4-442D-8D8F-0F383AEBB781}.Debug|iPhoneSimulator.ActiveCfg = Debug|Any CPU
		{AECE489D-9ED4-442D-8D8F-0F383AEBB781}.Debug|iPhoneSimulator.Build.0 = Debug|Any CPU
		{AECE489D-9ED4-442D-8D8F-0F383AEBB781}.Debug|x64.ActiveCfg = Debug|Any CPU
		{AECE489D-9ED4-442D-8D8F-0F383AEBB781}.Debug|x64.Build.0 = Debug|Any CPU
		{AECE489D-9ED4-442D-8D8F-0F383AEBB781}.Debug|x86.ActiveCfg = Debug|Any CPU
		{AECE489D-9ED4-442D-8D8F-0F383AEBB781}.Debug|x86.Build.0 = Debug|Any CPU
		{AECE489D-9ED4-442D-8D8F-0F383AEBB781}.Release|Any CPU.ActiveCfg = Release|Any CPU
		{AECE489D-9ED4-442D-8D8F-0F383AEBB781}.Release|Any CPU.Build.0 = Release|Any CPU
		{AECE489D-9ED4-442D-8D8F-0F383AEBB781}.Release|ARM.ActiveCfg = Release|Any CPU
		{AECE489D-9ED4-442D-8D8F-0F383AEBB781}.Release|ARM.Build.0 = Release|Any CPU
		{AECE489D-9ED4-442D-8D8F-0F383AEBB781}.Release|ARM64.ActiveCfg = Release|Any CPU
		{AECE489D-9ED4-442D-8D8F-0F383AEBB781}.Release|ARM64.Build.0 = Release|Any CPU
		{AECE489D-9ED4-442D-8D8F-0F383AEBB781}.Release|iPhone.ActiveCfg = Release|Any CPU
		{AECE489D-9ED4-442D-8D8F-0F383AEBB781}.Release|iPhone.Build.0 = Release|Any CPU
		{AECE489D-9ED4-442D-8D8F-0F383AEBB781}.Release|iPhoneSimulator.ActiveCfg = Release|Any CPU
		{AECE489D-9ED4-442D-8D8F-0F383AEBB781}.Release|iPhoneSimulator.Build.0 = Release|Any CPU
		{AECE489D-9ED4-442D-8D8F-0F383AEBB781}.Release|x64.ActiveCfg = Release|Any CPU
		{AECE489D-9ED4-442D-8D8F-0F383AEBB781}.Release|x64.Build.0 = Release|Any CPU
		{AECE489D-9ED4-442D-8D8F-0F383AEBB781}.Release|x86.ActiveCfg = Release|Any CPU
		{AECE489D-9ED4-442D-8D8F-0F383AEBB781}.Release|x86.Build.0 = Release|Any CPU
		{856EA096-2283-49B6-B2CD-5C603551D150}.Ad-Hoc|Any CPU.ActiveCfg = Release|Any CPU
		{856EA096-2283-49B6-B2CD-5C603551D150}.Ad-Hoc|Any CPU.Build.0 = Release|Any CPU
		{856EA096-2283-49B6-B2CD-5C603551D150}.Ad-Hoc|ARM.ActiveCfg = Debug|Any CPU
		{856EA096-2283-49B6-B2CD-5C603551D150}.Ad-Hoc|ARM.Build.0 = Debug|Any CPU
		{856EA096-2283-49B6-B2CD-5C603551D150}.Ad-Hoc|ARM64.ActiveCfg = Appveyor|Any CPU
		{856EA096-2283-49B6-B2CD-5C603551D150}.Ad-Hoc|ARM64.Build.0 = Appveyor|Any CPU
		{856EA096-2283-49B6-B2CD-5C603551D150}.Ad-Hoc|iPhone.ActiveCfg = Release|Any CPU
		{856EA096-2283-49B6-B2CD-5C603551D150}.Ad-Hoc|iPhone.Build.0 = Release|Any CPU
		{856EA096-2283-49B6-B2CD-5C603551D150}.Ad-Hoc|iPhoneSimulator.ActiveCfg = Release|Any CPU
		{856EA096-2283-49B6-B2CD-5C603551D150}.Ad-Hoc|iPhoneSimulator.Build.0 = Release|Any CPU
		{856EA096-2283-49B6-B2CD-5C603551D150}.Ad-Hoc|x64.ActiveCfg = Debug|Any CPU
		{856EA096-2283-49B6-B2CD-5C603551D150}.Ad-Hoc|x64.Build.0 = Debug|Any CPU
		{856EA096-2283-49B6-B2CD-5C603551D150}.Ad-Hoc|x86.ActiveCfg = Debug|Any CPU
		{856EA096-2283-49B6-B2CD-5C603551D150}.Ad-Hoc|x86.Build.0 = Debug|Any CPU
		{856EA096-2283-49B6-B2CD-5C603551D150}.AppStore|Any CPU.ActiveCfg = Release|Any CPU
		{856EA096-2283-49B6-B2CD-5C603551D150}.AppStore|Any CPU.Build.0 = Release|Any CPU
		{856EA096-2283-49B6-B2CD-5C603551D150}.AppStore|ARM.ActiveCfg = Debug|Any CPU
		{856EA096-2283-49B6-B2CD-5C603551D150}.AppStore|ARM.Build.0 = Debug|Any CPU
		{856EA096-2283-49B6-B2CD-5C603551D150}.AppStore|ARM64.ActiveCfg = Appveyor|Any CPU
		{856EA096-2283-49B6-B2CD-5C603551D150}.AppStore|ARM64.Build.0 = Appveyor|Any CPU
		{856EA096-2283-49B6-B2CD-5C603551D150}.AppStore|iPhone.ActiveCfg = Release|Any CPU
		{856EA096-2283-49B6-B2CD-5C603551D150}.AppStore|iPhone.Build.0 = Release|Any CPU
		{856EA096-2283-49B6-B2CD-5C603551D150}.AppStore|iPhoneSimulator.ActiveCfg = Release|Any CPU
		{856EA096-2283-49B6-B2CD-5C603551D150}.AppStore|iPhoneSimulator.Build.0 = Release|Any CPU
		{856EA096-2283-49B6-B2CD-5C603551D150}.AppStore|x64.ActiveCfg = Debug|Any CPU
		{856EA096-2283-49B6-B2CD-5C603551D150}.AppStore|x64.Build.0 = Debug|Any CPU
		{856EA096-2283-49B6-B2CD-5C603551D150}.AppStore|x86.ActiveCfg = Debug|Any CPU
		{856EA096-2283-49B6-B2CD-5C603551D150}.AppStore|x86.Build.0 = Debug|Any CPU
		{856EA096-2283-49B6-B2CD-5C603551D150}.Appveyor|Any CPU.ActiveCfg = Release|Any CPU
		{856EA096-2283-49B6-B2CD-5C603551D150}.Appveyor|Any CPU.Build.0 = Release|Any CPU
		{856EA096-2283-49B6-B2CD-5C603551D150}.Appveyor|ARM.ActiveCfg = Release|Any CPU
		{856EA096-2283-49B6-B2CD-5C603551D150}.Appveyor|ARM.Build.0 = Release|Any CPU
		{856EA096-2283-49B6-B2CD-5C603551D150}.Appveyor|ARM64.ActiveCfg = Appveyor|Any CPU
		{856EA096-2283-49B6-B2CD-5C603551D150}.Appveyor|ARM64.Build.0 = Appveyor|Any CPU
		{856EA096-2283-49B6-B2CD-5C603551D150}.Appveyor|iPhone.ActiveCfg = Release|Any CPU
		{856EA096-2283-49B6-B2CD-5C603551D150}.Appveyor|iPhone.Build.0 = Release|Any CPU
		{856EA096-2283-49B6-B2CD-5C603551D150}.Appveyor|iPhoneSimulator.ActiveCfg = Release|Any CPU
		{856EA096-2283-49B6-B2CD-5C603551D150}.Appveyor|iPhoneSimulator.Build.0 = Release|Any CPU
		{856EA096-2283-49B6-B2CD-5C603551D150}.Appveyor|x64.ActiveCfg = Release|Any CPU
		{856EA096-2283-49B6-B2CD-5C603551D150}.Appveyor|x64.Build.0 = Release|Any CPU
		{856EA096-2283-49B6-B2CD-5C603551D150}.Appveyor|x86.ActiveCfg = Release|Any CPU
		{856EA096-2283-49B6-B2CD-5C603551D150}.Appveyor|x86.Build.0 = Release|Any CPU
		{856EA096-2283-49B6-B2CD-5C603551D150}.Debug|Any CPU.ActiveCfg = Debug|Any CPU
		{856EA096-2283-49B6-B2CD-5C603551D150}.Debug|Any CPU.Build.0 = Debug|Any CPU
		{856EA096-2283-49B6-B2CD-5C603551D150}.Debug|ARM.ActiveCfg = Debug|Any CPU
		{856EA096-2283-49B6-B2CD-5C603551D150}.Debug|ARM.Build.0 = Debug|Any CPU
		{856EA096-2283-49B6-B2CD-5C603551D150}.Debug|ARM64.ActiveCfg = Debug|Any CPU
		{856EA096-2283-49B6-B2CD-5C603551D150}.Debug|ARM64.Build.0 = Debug|Any CPU
		{856EA096-2283-49B6-B2CD-5C603551D150}.Debug|iPhone.ActiveCfg = Debug|Any CPU
		{856EA096-2283-49B6-B2CD-5C603551D150}.Debug|iPhone.Build.0 = Debug|Any CPU
		{856EA096-2283-49B6-B2CD-5C603551D150}.Debug|iPhoneSimulator.ActiveCfg = Debug|Any CPU
		{856EA096-2283-49B6-B2CD-5C603551D150}.Debug|iPhoneSimulator.Build.0 = Debug|Any CPU
		{856EA096-2283-49B6-B2CD-5C603551D150}.Debug|x64.ActiveCfg = Debug|Any CPU
		{856EA096-2283-49B6-B2CD-5C603551D150}.Debug|x64.Build.0 = Debug|Any CPU
		{856EA096-2283-49B6-B2CD-5C603551D150}.Debug|x86.ActiveCfg = Debug|Any CPU
		{856EA096-2283-49B6-B2CD-5C603551D150}.Debug|x86.Build.0 = Debug|Any CPU
		{856EA096-2283-49B6-B2CD-5C603551D150}.Release|Any CPU.ActiveCfg = Release|Any CPU
		{856EA096-2283-49B6-B2CD-5C603551D150}.Release|Any CPU.Build.0 = Release|Any CPU
		{856EA096-2283-49B6-B2CD-5C603551D150}.Release|ARM.ActiveCfg = Release|Any CPU
		{856EA096-2283-49B6-B2CD-5C603551D150}.Release|ARM.Build.0 = Release|Any CPU
		{856EA096-2283-49B6-B2CD-5C603551D150}.Release|ARM64.ActiveCfg = Release|Any CPU
		{856EA096-2283-49B6-B2CD-5C603551D150}.Release|ARM64.Build.0 = Release|Any CPU
		{856EA096-2283-49B6-B2CD-5C603551D150}.Release|iPhone.ActiveCfg = Release|Any CPU
		{856EA096-2283-49B6-B2CD-5C603551D150}.Release|iPhone.Build.0 = Release|Any CPU
		{856EA096-2283-49B6-B2CD-5C603551D150}.Release|iPhoneSimulator.ActiveCfg = Release|Any CPU
		{856EA096-2283-49B6-B2CD-5C603551D150}.Release|iPhoneSimulator.Build.0 = Release|Any CPU
		{856EA096-2283-49B6-B2CD-5C603551D150}.Release|x64.ActiveCfg = Release|Any CPU
		{856EA096-2283-49B6-B2CD-5C603551D150}.Release|x64.Build.0 = Release|Any CPU
		{856EA096-2283-49B6-B2CD-5C603551D150}.Release|x86.ActiveCfg = Release|Any CPU
		{856EA096-2283-49B6-B2CD-5C603551D150}.Release|x86.Build.0 = Release|Any CPU
		{FDED3627-94FD-4886-A540-3AC05380095B}.Ad-Hoc|Any CPU.ActiveCfg = Ad-Hoc|iPhone
		{FDED3627-94FD-4886-A540-3AC05380095B}.Ad-Hoc|ARM.ActiveCfg = Ad-Hoc|iPhoneSimulator
		{FDED3627-94FD-4886-A540-3AC05380095B}.Ad-Hoc|ARM64.ActiveCfg = Ad-Hoc|iPhoneSimulator
		{FDED3627-94FD-4886-A540-3AC05380095B}.Ad-Hoc|iPhone.ActiveCfg = Ad-Hoc|iPhone
		{FDED3627-94FD-4886-A540-3AC05380095B}.Ad-Hoc|iPhone.Build.0 = Ad-Hoc|iPhone
		{FDED3627-94FD-4886-A540-3AC05380095B}.Ad-Hoc|iPhoneSimulator.ActiveCfg = Ad-Hoc|iPhoneSimulator
		{FDED3627-94FD-4886-A540-3AC05380095B}.Ad-Hoc|iPhoneSimulator.Build.0 = Ad-Hoc|iPhoneSimulator
		{FDED3627-94FD-4886-A540-3AC05380095B}.Ad-Hoc|x64.ActiveCfg = Ad-Hoc|iPhoneSimulator
		{FDED3627-94FD-4886-A540-3AC05380095B}.Ad-Hoc|x86.ActiveCfg = Ad-Hoc|iPhoneSimulator
		{FDED3627-94FD-4886-A540-3AC05380095B}.AppStore|Any CPU.ActiveCfg = AppStore|iPhone
		{FDED3627-94FD-4886-A540-3AC05380095B}.AppStore|ARM.ActiveCfg = AppStore|iPhoneSimulator
		{FDED3627-94FD-4886-A540-3AC05380095B}.AppStore|ARM64.ActiveCfg = AppStore|iPhoneSimulator
		{FDED3627-94FD-4886-A540-3AC05380095B}.AppStore|iPhone.ActiveCfg = AppStore|iPhone
		{FDED3627-94FD-4886-A540-3AC05380095B}.AppStore|iPhone.Build.0 = AppStore|iPhone
		{FDED3627-94FD-4886-A540-3AC05380095B}.AppStore|iPhoneSimulator.ActiveCfg = AppStore|iPhoneSimulator
		{FDED3627-94FD-4886-A540-3AC05380095B}.AppStore|iPhoneSimulator.Build.0 = AppStore|iPhoneSimulator
		{FDED3627-94FD-4886-A540-3AC05380095B}.AppStore|x64.ActiveCfg = AppStore|iPhoneSimulator
		{FDED3627-94FD-4886-A540-3AC05380095B}.AppStore|x86.ActiveCfg = AppStore|iPhoneSimulator
		{FDED3627-94FD-4886-A540-3AC05380095B}.Appveyor|Any CPU.ActiveCfg = Release|iPhone
		{FDED3627-94FD-4886-A540-3AC05380095B}.Appveyor|Any CPU.Build.0 = Release|iPhone
		{FDED3627-94FD-4886-A540-3AC05380095B}.Appveyor|ARM.ActiveCfg = Appveyor|iPhone
		{FDED3627-94FD-4886-A540-3AC05380095B}.Appveyor|ARM64.ActiveCfg = Appveyor|iPhoneSimulator
		{FDED3627-94FD-4886-A540-3AC05380095B}.Appveyor|iPhone.ActiveCfg = Appveyor|iPhone
		{FDED3627-94FD-4886-A540-3AC05380095B}.Appveyor|iPhone.Build.0 = Appveyor|iPhone
		{FDED3627-94FD-4886-A540-3AC05380095B}.Appveyor|iPhoneSimulator.ActiveCfg = Appveyor|iPhoneSimulator
		{FDED3627-94FD-4886-A540-3AC05380095B}.Appveyor|iPhoneSimulator.Build.0 = Appveyor|iPhoneSimulator
		{FDED3627-94FD-4886-A540-3AC05380095B}.Appveyor|x64.ActiveCfg = Appveyor|iPhone
		{FDED3627-94FD-4886-A540-3AC05380095B}.Appveyor|x86.ActiveCfg = Appveyor|iPhone
		{FDED3627-94FD-4886-A540-3AC05380095B}.Debug|Any CPU.ActiveCfg = Debug|iPhone
		{FDED3627-94FD-4886-A540-3AC05380095B}.Debug|Any CPU.Build.0 = Debug|iPhone
		{FDED3627-94FD-4886-A540-3AC05380095B}.Debug|ARM.ActiveCfg = Debug|iPhoneSimulator
		{FDED3627-94FD-4886-A540-3AC05380095B}.Debug|ARM64.ActiveCfg = Debug|iPhoneSimulator
		{FDED3627-94FD-4886-A540-3AC05380095B}.Debug|iPhone.ActiveCfg = Debug|iPhone
		{FDED3627-94FD-4886-A540-3AC05380095B}.Debug|iPhone.Build.0 = Debug|iPhone
		{FDED3627-94FD-4886-A540-3AC05380095B}.Debug|iPhoneSimulator.ActiveCfg = Debug|iPhoneSimulator
		{FDED3627-94FD-4886-A540-3AC05380095B}.Debug|iPhoneSimulator.Build.0 = Debug|iPhoneSimulator
		{FDED3627-94FD-4886-A540-3AC05380095B}.Debug|x64.ActiveCfg = Debug|iPhoneSimulator
		{FDED3627-94FD-4886-A540-3AC05380095B}.Debug|x86.ActiveCfg = Debug|iPhoneSimulator
		{FDED3627-94FD-4886-A540-3AC05380095B}.Release|Any CPU.ActiveCfg = Release|iPhone
		{FDED3627-94FD-4886-A540-3AC05380095B}.Release|Any CPU.Build.0 = Release|iPhone
		{FDED3627-94FD-4886-A540-3AC05380095B}.Release|ARM.ActiveCfg = Release|iPhoneSimulator
		{FDED3627-94FD-4886-A540-3AC05380095B}.Release|ARM64.ActiveCfg = Release|iPhoneSimulator
		{FDED3627-94FD-4886-A540-3AC05380095B}.Release|iPhone.ActiveCfg = Release|iPhone
		{FDED3627-94FD-4886-A540-3AC05380095B}.Release|iPhone.Build.0 = Release|iPhone
		{FDED3627-94FD-4886-A540-3AC05380095B}.Release|iPhoneSimulator.ActiveCfg = Release|iPhoneSimulator
		{FDED3627-94FD-4886-A540-3AC05380095B}.Release|iPhoneSimulator.Build.0 = Release|iPhoneSimulator
		{FDED3627-94FD-4886-A540-3AC05380095B}.Release|x64.ActiveCfg = Release|iPhoneSimulator
		{FDED3627-94FD-4886-A540-3AC05380095B}.Release|x86.ActiveCfg = Release|iPhoneSimulator
		{412F8F05-2694-4D2E-8FE0-A821721CF682}.Ad-Hoc|Any CPU.ActiveCfg = Release|Any CPU
		{412F8F05-2694-4D2E-8FE0-A821721CF682}.Ad-Hoc|Any CPU.Build.0 = Release|Any CPU
		{412F8F05-2694-4D2E-8FE0-A821721CF682}.Ad-Hoc|ARM.ActiveCfg = Debug|Any CPU
		{412F8F05-2694-4D2E-8FE0-A821721CF682}.Ad-Hoc|ARM.Build.0 = Debug|Any CPU
		{412F8F05-2694-4D2E-8FE0-A821721CF682}.Ad-Hoc|ARM64.ActiveCfg = Debug|Any CPU
		{412F8F05-2694-4D2E-8FE0-A821721CF682}.Ad-Hoc|ARM64.Build.0 = Debug|Any CPU
		{412F8F05-2694-4D2E-8FE0-A821721CF682}.Ad-Hoc|iPhone.ActiveCfg = Release|Any CPU
		{412F8F05-2694-4D2E-8FE0-A821721CF682}.Ad-Hoc|iPhone.Build.0 = Release|Any CPU
		{412F8F05-2694-4D2E-8FE0-A821721CF682}.Ad-Hoc|iPhoneSimulator.ActiveCfg = Release|Any CPU
		{412F8F05-2694-4D2E-8FE0-A821721CF682}.Ad-Hoc|iPhoneSimulator.Build.0 = Release|Any CPU
		{412F8F05-2694-4D2E-8FE0-A821721CF682}.Ad-Hoc|x64.ActiveCfg = Debug|Any CPU
		{412F8F05-2694-4D2E-8FE0-A821721CF682}.Ad-Hoc|x64.Build.0 = Debug|Any CPU
		{412F8F05-2694-4D2E-8FE0-A821721CF682}.Ad-Hoc|x86.ActiveCfg = Debug|Any CPU
		{412F8F05-2694-4D2E-8FE0-A821721CF682}.Ad-Hoc|x86.Build.0 = Debug|Any CPU
		{412F8F05-2694-4D2E-8FE0-A821721CF682}.AppStore|Any CPU.ActiveCfg = Release|Any CPU
		{412F8F05-2694-4D2E-8FE0-A821721CF682}.AppStore|Any CPU.Build.0 = Release|Any CPU
		{412F8F05-2694-4D2E-8FE0-A821721CF682}.AppStore|ARM.ActiveCfg = Debug|Any CPU
		{412F8F05-2694-4D2E-8FE0-A821721CF682}.AppStore|ARM.Build.0 = Debug|Any CPU
		{412F8F05-2694-4D2E-8FE0-A821721CF682}.AppStore|ARM64.ActiveCfg = Debug|Any CPU
		{412F8F05-2694-4D2E-8FE0-A821721CF682}.AppStore|ARM64.Build.0 = Debug|Any CPU
		{412F8F05-2694-4D2E-8FE0-A821721CF682}.AppStore|iPhone.ActiveCfg = Release|Any CPU
		{412F8F05-2694-4D2E-8FE0-A821721CF682}.AppStore|iPhone.Build.0 = Release|Any CPU
		{412F8F05-2694-4D2E-8FE0-A821721CF682}.AppStore|iPhoneSimulator.ActiveCfg = Release|Any CPU
		{412F8F05-2694-4D2E-8FE0-A821721CF682}.AppStore|iPhoneSimulator.Build.0 = Release|Any CPU
		{412F8F05-2694-4D2E-8FE0-A821721CF682}.AppStore|x64.ActiveCfg = Debug|Any CPU
		{412F8F05-2694-4D2E-8FE0-A821721CF682}.AppStore|x64.Build.0 = Debug|Any CPU
		{412F8F05-2694-4D2E-8FE0-A821721CF682}.AppStore|x86.ActiveCfg = Debug|Any CPU
		{412F8F05-2694-4D2E-8FE0-A821721CF682}.AppStore|x86.Build.0 = Debug|Any CPU
		{412F8F05-2694-4D2E-8FE0-A821721CF682}.Appveyor|Any CPU.ActiveCfg = Release|Any CPU
		{412F8F05-2694-4D2E-8FE0-A821721CF682}.Appveyor|Any CPU.Build.0 = Release|Any CPU
		{412F8F05-2694-4D2E-8FE0-A821721CF682}.Appveyor|ARM.ActiveCfg = Release|Any CPU
		{412F8F05-2694-4D2E-8FE0-A821721CF682}.Appveyor|ARM.Build.0 = Release|Any CPU
		{412F8F05-2694-4D2E-8FE0-A821721CF682}.Appveyor|ARM64.ActiveCfg = Debug|Any CPU
		{412F8F05-2694-4D2E-8FE0-A821721CF682}.Appveyor|ARM64.Build.0 = Debug|Any CPU
		{412F8F05-2694-4D2E-8FE0-A821721CF682}.Appveyor|iPhone.ActiveCfg = Release|Any CPU
		{412F8F05-2694-4D2E-8FE0-A821721CF682}.Appveyor|iPhone.Build.0 = Release|Any CPU
		{412F8F05-2694-4D2E-8FE0-A821721CF682}.Appveyor|iPhoneSimulator.ActiveCfg = Release|Any CPU
		{412F8F05-2694-4D2E-8FE0-A821721CF682}.Appveyor|iPhoneSimulator.Build.0 = Release|Any CPU
		{412F8F05-2694-4D2E-8FE0-A821721CF682}.Appveyor|x64.ActiveCfg = Release|Any CPU
		{412F8F05-2694-4D2E-8FE0-A821721CF682}.Appveyor|x64.Build.0 = Release|Any CPU
		{412F8F05-2694-4D2E-8FE0-A821721CF682}.Appveyor|x86.ActiveCfg = Release|Any CPU
		{412F8F05-2694-4D2E-8FE0-A821721CF682}.Appveyor|x86.Build.0 = Release|Any CPU
		{412F8F05-2694-4D2E-8FE0-A821721CF682}.Debug|Any CPU.ActiveCfg = Debug|Any CPU
		{412F8F05-2694-4D2E-8FE0-A821721CF682}.Debug|Any CPU.Build.0 = Debug|Any CPU
		{412F8F05-2694-4D2E-8FE0-A821721CF682}.Debug|ARM.ActiveCfg = Debug|Any CPU
		{412F8F05-2694-4D2E-8FE0-A821721CF682}.Debug|ARM.Build.0 = Debug|Any CPU
		{412F8F05-2694-4D2E-8FE0-A821721CF682}.Debug|ARM64.ActiveCfg = Debug|Any CPU
		{412F8F05-2694-4D2E-8FE0-A821721CF682}.Debug|ARM64.Build.0 = Debug|Any CPU
		{412F8F05-2694-4D2E-8FE0-A821721CF682}.Debug|iPhone.ActiveCfg = Debug|Any CPU
		{412F8F05-2694-4D2E-8FE0-A821721CF682}.Debug|iPhone.Build.0 = Debug|Any CPU
		{412F8F05-2694-4D2E-8FE0-A821721CF682}.Debug|iPhoneSimulator.ActiveCfg = Debug|Any CPU
		{412F8F05-2694-4D2E-8FE0-A821721CF682}.Debug|iPhoneSimulator.Build.0 = Debug|Any CPU
		{412F8F05-2694-4D2E-8FE0-A821721CF682}.Debug|x64.ActiveCfg = Debug|Any CPU
		{412F8F05-2694-4D2E-8FE0-A821721CF682}.Debug|x64.Build.0 = Debug|Any CPU
		{412F8F05-2694-4D2E-8FE0-A821721CF682}.Debug|x86.ActiveCfg = Debug|Any CPU
		{412F8F05-2694-4D2E-8FE0-A821721CF682}.Debug|x86.Build.0 = Debug|Any CPU
		{412F8F05-2694-4D2E-8FE0-A821721CF682}.Release|Any CPU.ActiveCfg = Release|Any CPU
		{412F8F05-2694-4D2E-8FE0-A821721CF682}.Release|Any CPU.Build.0 = Release|Any CPU
		{412F8F05-2694-4D2E-8FE0-A821721CF682}.Release|ARM.ActiveCfg = Release|Any CPU
		{412F8F05-2694-4D2E-8FE0-A821721CF682}.Release|ARM.Build.0 = Release|Any CPU
		{412F8F05-2694-4D2E-8FE0-A821721CF682}.Release|ARM64.ActiveCfg = Release|Any CPU
		{412F8F05-2694-4D2E-8FE0-A821721CF682}.Release|ARM64.Build.0 = Release|Any CPU
		{412F8F05-2694-4D2E-8FE0-A821721CF682}.Release|iPhone.ActiveCfg = Release|Any CPU
		{412F8F05-2694-4D2E-8FE0-A821721CF682}.Release|iPhone.Build.0 = Release|Any CPU
		{412F8F05-2694-4D2E-8FE0-A821721CF682}.Release|iPhoneSimulator.ActiveCfg = Release|Any CPU
		{412F8F05-2694-4D2E-8FE0-A821721CF682}.Release|iPhoneSimulator.Build.0 = Release|Any CPU
		{412F8F05-2694-4D2E-8FE0-A821721CF682}.Release|x64.ActiveCfg = Release|Any CPU
		{412F8F05-2694-4D2E-8FE0-A821721CF682}.Release|x64.Build.0 = Release|Any CPU
		{412F8F05-2694-4D2E-8FE0-A821721CF682}.Release|x86.ActiveCfg = Release|Any CPU
		{412F8F05-2694-4D2E-8FE0-A821721CF682}.Release|x86.Build.0 = Release|Any CPU
		{3EEF5981-8F11-4F54-9DDF-2F63C574D028}.Ad-Hoc|Any CPU.ActiveCfg = Release|Any CPU
		{3EEF5981-8F11-4F54-9DDF-2F63C574D028}.Ad-Hoc|Any CPU.Build.0 = Release|Any CPU
		{3EEF5981-8F11-4F54-9DDF-2F63C574D028}.Ad-Hoc|ARM.ActiveCfg = Debug|Any CPU
		{3EEF5981-8F11-4F54-9DDF-2F63C574D028}.Ad-Hoc|ARM.Build.0 = Debug|Any CPU
		{3EEF5981-8F11-4F54-9DDF-2F63C574D028}.Ad-Hoc|ARM64.ActiveCfg = Debug|Any CPU
		{3EEF5981-8F11-4F54-9DDF-2F63C574D028}.Ad-Hoc|ARM64.Build.0 = Debug|Any CPU
		{3EEF5981-8F11-4F54-9DDF-2F63C574D028}.Ad-Hoc|iPhone.ActiveCfg = Release|Any CPU
		{3EEF5981-8F11-4F54-9DDF-2F63C574D028}.Ad-Hoc|iPhone.Build.0 = Release|Any CPU
		{3EEF5981-8F11-4F54-9DDF-2F63C574D028}.Ad-Hoc|iPhoneSimulator.ActiveCfg = Release|Any CPU
		{3EEF5981-8F11-4F54-9DDF-2F63C574D028}.Ad-Hoc|iPhoneSimulator.Build.0 = Release|Any CPU
		{3EEF5981-8F11-4F54-9DDF-2F63C574D028}.Ad-Hoc|x64.ActiveCfg = Debug|Any CPU
		{3EEF5981-8F11-4F54-9DDF-2F63C574D028}.Ad-Hoc|x64.Build.0 = Debug|Any CPU
		{3EEF5981-8F11-4F54-9DDF-2F63C574D028}.Ad-Hoc|x86.ActiveCfg = Debug|Any CPU
		{3EEF5981-8F11-4F54-9DDF-2F63C574D028}.Ad-Hoc|x86.Build.0 = Debug|Any CPU
		{3EEF5981-8F11-4F54-9DDF-2F63C574D028}.AppStore|Any CPU.ActiveCfg = Release|Any CPU
		{3EEF5981-8F11-4F54-9DDF-2F63C574D028}.AppStore|Any CPU.Build.0 = Release|Any CPU
		{3EEF5981-8F11-4F54-9DDF-2F63C574D028}.AppStore|ARM.ActiveCfg = Debug|Any CPU
		{3EEF5981-8F11-4F54-9DDF-2F63C574D028}.AppStore|ARM.Build.0 = Debug|Any CPU
		{3EEF5981-8F11-4F54-9DDF-2F63C574D028}.AppStore|ARM64.ActiveCfg = Debug|Any CPU
		{3EEF5981-8F11-4F54-9DDF-2F63C574D028}.AppStore|ARM64.Build.0 = Debug|Any CPU
		{3EEF5981-8F11-4F54-9DDF-2F63C574D028}.AppStore|iPhone.ActiveCfg = Release|Any CPU
		{3EEF5981-8F11-4F54-9DDF-2F63C574D028}.AppStore|iPhone.Build.0 = Release|Any CPU
		{3EEF5981-8F11-4F54-9DDF-2F63C574D028}.AppStore|iPhoneSimulator.ActiveCfg = Release|Any CPU
		{3EEF5981-8F11-4F54-9DDF-2F63C574D028}.AppStore|iPhoneSimulator.Build.0 = Release|Any CPU
		{3EEF5981-8F11-4F54-9DDF-2F63C574D028}.AppStore|x64.ActiveCfg = Debug|Any CPU
		{3EEF5981-8F11-4F54-9DDF-2F63C574D028}.AppStore|x64.Build.0 = Debug|Any CPU
		{3EEF5981-8F11-4F54-9DDF-2F63C574D028}.AppStore|x86.ActiveCfg = Debug|Any CPU
		{3EEF5981-8F11-4F54-9DDF-2F63C574D028}.AppStore|x86.Build.0 = Debug|Any CPU
		{3EEF5981-8F11-4F54-9DDF-2F63C574D028}.Appveyor|Any CPU.ActiveCfg = Release|Any CPU
		{3EEF5981-8F11-4F54-9DDF-2F63C574D028}.Appveyor|Any CPU.Build.0 = Release|Any CPU
		{3EEF5981-8F11-4F54-9DDF-2F63C574D028}.Appveyor|ARM.ActiveCfg = Release|Any CPU
		{3EEF5981-8F11-4F54-9DDF-2F63C574D028}.Appveyor|ARM.Build.0 = Release|Any CPU
		{3EEF5981-8F11-4F54-9DDF-2F63C574D028}.Appveyor|ARM64.ActiveCfg = Debug|Any CPU
		{3EEF5981-8F11-4F54-9DDF-2F63C574D028}.Appveyor|ARM64.Build.0 = Debug|Any CPU
		{3EEF5981-8F11-4F54-9DDF-2F63C574D028}.Appveyor|iPhone.ActiveCfg = Release|Any CPU
		{3EEF5981-8F11-4F54-9DDF-2F63C574D028}.Appveyor|iPhone.Build.0 = Release|Any CPU
		{3EEF5981-8F11-4F54-9DDF-2F63C574D028}.Appveyor|iPhoneSimulator.ActiveCfg = Release|Any CPU
		{3EEF5981-8F11-4F54-9DDF-2F63C574D028}.Appveyor|iPhoneSimulator.Build.0 = Release|Any CPU
		{3EEF5981-8F11-4F54-9DDF-2F63C574D028}.Appveyor|x64.ActiveCfg = Release|Any CPU
		{3EEF5981-8F11-4F54-9DDF-2F63C574D028}.Appveyor|x64.Build.0 = Release|Any CPU
		{3EEF5981-8F11-4F54-9DDF-2F63C574D028}.Appveyor|x86.ActiveCfg = Release|Any CPU
		{3EEF5981-8F11-4F54-9DDF-2F63C574D028}.Appveyor|x86.Build.0 = Release|Any CPU
		{3EEF5981-8F11-4F54-9DDF-2F63C574D028}.Debug|Any CPU.ActiveCfg = Debug|Any CPU
		{3EEF5981-8F11-4F54-9DDF-2F63C574D028}.Debug|Any CPU.Build.0 = Debug|Any CPU
		{3EEF5981-8F11-4F54-9DDF-2F63C574D028}.Debug|ARM.ActiveCfg = Debug|Any CPU
		{3EEF5981-8F11-4F54-9DDF-2F63C574D028}.Debug|ARM.Build.0 = Debug|Any CPU
		{3EEF5981-8F11-4F54-9DDF-2F63C574D028}.Debug|ARM64.ActiveCfg = Debug|Any CPU
		{3EEF5981-8F11-4F54-9DDF-2F63C574D028}.Debug|ARM64.Build.0 = Debug|Any CPU
		{3EEF5981-8F11-4F54-9DDF-2F63C574D028}.Debug|iPhone.ActiveCfg = Debug|Any CPU
		{3EEF5981-8F11-4F54-9DDF-2F63C574D028}.Debug|iPhone.Build.0 = Debug|Any CPU
		{3EEF5981-8F11-4F54-9DDF-2F63C574D028}.Debug|iPhoneSimulator.ActiveCfg = Debug|Any CPU
		{3EEF5981-8F11-4F54-9DDF-2F63C574D028}.Debug|iPhoneSimulator.Build.0 = Debug|Any CPU
		{3EEF5981-8F11-4F54-9DDF-2F63C574D028}.Debug|x64.ActiveCfg = Debug|Any CPU
		{3EEF5981-8F11-4F54-9DDF-2F63C574D028}.Debug|x64.Build.0 = Debug|Any CPU
		{3EEF5981-8F11-4F54-9DDF-2F63C574D028}.Debug|x86.ActiveCfg = Debug|Any CPU
		{3EEF5981-8F11-4F54-9DDF-2F63C574D028}.Debug|x86.Build.0 = Debug|Any CPU
		{3EEF5981-8F11-4F54-9DDF-2F63C574D028}.Release|Any CPU.ActiveCfg = Release|Any CPU
		{3EEF5981-8F11-4F54-9DDF-2F63C574D028}.Release|Any CPU.Build.0 = Release|Any CPU
		{3EEF5981-8F11-4F54-9DDF-2F63C574D028}.Release|ARM.ActiveCfg = Release|Any CPU
		{3EEF5981-8F11-4F54-9DDF-2F63C574D028}.Release|ARM.Build.0 = Release|Any CPU
		{3EEF5981-8F11-4F54-9DDF-2F63C574D028}.Release|ARM64.ActiveCfg = Release|Any CPU
		{3EEF5981-8F11-4F54-9DDF-2F63C574D028}.Release|ARM64.Build.0 = Release|Any CPU
		{3EEF5981-8F11-4F54-9DDF-2F63C574D028}.Release|iPhone.ActiveCfg = Release|Any CPU
		{3EEF5981-8F11-4F54-9DDF-2F63C574D028}.Release|iPhone.Build.0 = Release|Any CPU
		{3EEF5981-8F11-4F54-9DDF-2F63C574D028}.Release|iPhoneSimulator.ActiveCfg = Release|Any CPU
		{3EEF5981-8F11-4F54-9DDF-2F63C574D028}.Release|iPhoneSimulator.Build.0 = Release|Any CPU
		{3EEF5981-8F11-4F54-9DDF-2F63C574D028}.Release|x64.ActiveCfg = Release|Any CPU
		{3EEF5981-8F11-4F54-9DDF-2F63C574D028}.Release|x64.Build.0 = Release|Any CPU
		{3EEF5981-8F11-4F54-9DDF-2F63C574D028}.Release|x86.ActiveCfg = Release|Any CPU
		{3EEF5981-8F11-4F54-9DDF-2F63C574D028}.Release|x86.Build.0 = Release|Any CPU
		{60117A9B-4BB8-472E-BFFF-52CBF67CA95A}.Ad-Hoc|Any CPU.ActiveCfg = Release|Any CPU
		{60117A9B-4BB8-472E-BFFF-52CBF67CA95A}.Ad-Hoc|Any CPU.Build.0 = Release|Any CPU
		{60117A9B-4BB8-472E-BFFF-52CBF67CA95A}.Ad-Hoc|ARM.ActiveCfg = Release|Any CPU
		{60117A9B-4BB8-472E-BFFF-52CBF67CA95A}.Ad-Hoc|ARM.Build.0 = Release|Any CPU
		{60117A9B-4BB8-472E-BFFF-52CBF67CA95A}.Ad-Hoc|ARM64.ActiveCfg = Debug|Any CPU
		{60117A9B-4BB8-472E-BFFF-52CBF67CA95A}.Ad-Hoc|ARM64.Build.0 = Debug|Any CPU
		{60117A9B-4BB8-472E-BFFF-52CBF67CA95A}.Ad-Hoc|iPhone.ActiveCfg = Release|Any CPU
		{60117A9B-4BB8-472E-BFFF-52CBF67CA95A}.Ad-Hoc|iPhone.Build.0 = Release|Any CPU
		{60117A9B-4BB8-472E-BFFF-52CBF67CA95A}.Ad-Hoc|iPhoneSimulator.ActiveCfg = Release|Any CPU
		{60117A9B-4BB8-472E-BFFF-52CBF67CA95A}.Ad-Hoc|iPhoneSimulator.Build.0 = Release|Any CPU
		{60117A9B-4BB8-472E-BFFF-52CBF67CA95A}.Ad-Hoc|x64.ActiveCfg = Release|Any CPU
		{60117A9B-4BB8-472E-BFFF-52CBF67CA95A}.Ad-Hoc|x64.Build.0 = Release|Any CPU
		{60117A9B-4BB8-472E-BFFF-52CBF67CA95A}.Ad-Hoc|x86.ActiveCfg = Release|Any CPU
		{60117A9B-4BB8-472E-BFFF-52CBF67CA95A}.Ad-Hoc|x86.Build.0 = Release|Any CPU
		{60117A9B-4BB8-472E-BFFF-52CBF67CA95A}.AppStore|Any CPU.ActiveCfg = Release|Any CPU
		{60117A9B-4BB8-472E-BFFF-52CBF67CA95A}.AppStore|Any CPU.Build.0 = Release|Any CPU
		{60117A9B-4BB8-472E-BFFF-52CBF67CA95A}.AppStore|ARM.ActiveCfg = Release|Any CPU
		{60117A9B-4BB8-472E-BFFF-52CBF67CA95A}.AppStore|ARM.Build.0 = Release|Any CPU
		{60117A9B-4BB8-472E-BFFF-52CBF67CA95A}.AppStore|ARM64.ActiveCfg = Debug|Any CPU
		{60117A9B-4BB8-472E-BFFF-52CBF67CA95A}.AppStore|ARM64.Build.0 = Debug|Any CPU
		{60117A9B-4BB8-472E-BFFF-52CBF67CA95A}.AppStore|iPhone.ActiveCfg = Release|Any CPU
		{60117A9B-4BB8-472E-BFFF-52CBF67CA95A}.AppStore|iPhone.Build.0 = Release|Any CPU
		{60117A9B-4BB8-472E-BFFF-52CBF67CA95A}.AppStore|iPhoneSimulator.ActiveCfg = Release|Any CPU
		{60117A9B-4BB8-472E-BFFF-52CBF67CA95A}.AppStore|iPhoneSimulator.Build.0 = Release|Any CPU
		{60117A9B-4BB8-472E-BFFF-52CBF67CA95A}.AppStore|x64.ActiveCfg = Release|Any CPU
		{60117A9B-4BB8-472E-BFFF-52CBF67CA95A}.AppStore|x64.Build.0 = Release|Any CPU
		{60117A9B-4BB8-472E-BFFF-52CBF67CA95A}.AppStore|x86.ActiveCfg = Release|Any CPU
		{60117A9B-4BB8-472E-BFFF-52CBF67CA95A}.AppStore|x86.Build.0 = Release|Any CPU
		{60117A9B-4BB8-472E-BFFF-52CBF67CA95A}.Appveyor|Any CPU.ActiveCfg = Release|Any CPU
		{60117A9B-4BB8-472E-BFFF-52CBF67CA95A}.Appveyor|Any CPU.Build.0 = Release|Any CPU
		{60117A9B-4BB8-472E-BFFF-52CBF67CA95A}.Appveyor|ARM.ActiveCfg = Release|Any CPU
		{60117A9B-4BB8-472E-BFFF-52CBF67CA95A}.Appveyor|ARM.Build.0 = Release|Any CPU
		{60117A9B-4BB8-472E-BFFF-52CBF67CA95A}.Appveyor|ARM64.ActiveCfg = Debug|Any CPU
		{60117A9B-4BB8-472E-BFFF-52CBF67CA95A}.Appveyor|ARM64.Build.0 = Debug|Any CPU
		{60117A9B-4BB8-472E-BFFF-52CBF67CA95A}.Appveyor|iPhone.ActiveCfg = Release|Any CPU
		{60117A9B-4BB8-472E-BFFF-52CBF67CA95A}.Appveyor|iPhone.Build.0 = Release|Any CPU
		{60117A9B-4BB8-472E-BFFF-52CBF67CA95A}.Appveyor|iPhoneSimulator.ActiveCfg = Release|Any CPU
		{60117A9B-4BB8-472E-BFFF-52CBF67CA95A}.Appveyor|iPhoneSimulator.Build.0 = Release|Any CPU
		{60117A9B-4BB8-472E-BFFF-52CBF67CA95A}.Appveyor|x64.ActiveCfg = Release|Any CPU
		{60117A9B-4BB8-472E-BFFF-52CBF67CA95A}.Appveyor|x64.Build.0 = Release|Any CPU
		{60117A9B-4BB8-472E-BFFF-52CBF67CA95A}.Appveyor|x86.ActiveCfg = Release|Any CPU
		{60117A9B-4BB8-472E-BFFF-52CBF67CA95A}.Appveyor|x86.Build.0 = Release|Any CPU
		{60117A9B-4BB8-472E-BFFF-52CBF67CA95A}.Debug|Any CPU.ActiveCfg = Debug|Any CPU
		{60117A9B-4BB8-472E-BFFF-52CBF67CA95A}.Debug|Any CPU.Build.0 = Debug|Any CPU
		{60117A9B-4BB8-472E-BFFF-52CBF67CA95A}.Debug|ARM.ActiveCfg = Debug|Any CPU
		{60117A9B-4BB8-472E-BFFF-52CBF67CA95A}.Debug|ARM.Build.0 = Debug|Any CPU
		{60117A9B-4BB8-472E-BFFF-52CBF67CA95A}.Debug|ARM64.ActiveCfg = Debug|Any CPU
		{60117A9B-4BB8-472E-BFFF-52CBF67CA95A}.Debug|ARM64.Build.0 = Debug|Any CPU
		{60117A9B-4BB8-472E-BFFF-52CBF67CA95A}.Debug|iPhone.ActiveCfg = Debug|Any CPU
		{60117A9B-4BB8-472E-BFFF-52CBF67CA95A}.Debug|iPhone.Build.0 = Debug|Any CPU
		{60117A9B-4BB8-472E-BFFF-52CBF67CA95A}.Debug|iPhoneSimulator.ActiveCfg = Debug|Any CPU
		{60117A9B-4BB8-472E-BFFF-52CBF67CA95A}.Debug|iPhoneSimulator.Build.0 = Debug|Any CPU
		{60117A9B-4BB8-472E-BFFF-52CBF67CA95A}.Debug|x64.ActiveCfg = Debug|Any CPU
		{60117A9B-4BB8-472E-BFFF-52CBF67CA95A}.Debug|x64.Build.0 = Debug|Any CPU
		{60117A9B-4BB8-472E-BFFF-52CBF67CA95A}.Debug|x86.ActiveCfg = Debug|Any CPU
		{60117A9B-4BB8-472E-BFFF-52CBF67CA95A}.Debug|x86.Build.0 = Debug|Any CPU
		{60117A9B-4BB8-472E-BFFF-52CBF67CA95A}.Release|Any CPU.ActiveCfg = Release|Any CPU
		{60117A9B-4BB8-472E-BFFF-52CBF67CA95A}.Release|Any CPU.Build.0 = Release|Any CPU
		{60117A9B-4BB8-472E-BFFF-52CBF67CA95A}.Release|ARM.ActiveCfg = Release|Any CPU
		{60117A9B-4BB8-472E-BFFF-52CBF67CA95A}.Release|ARM.Build.0 = Release|Any CPU
		{60117A9B-4BB8-472E-BFFF-52CBF67CA95A}.Release|ARM64.ActiveCfg = Release|Any CPU
		{60117A9B-4BB8-472E-BFFF-52CBF67CA95A}.Release|ARM64.Build.0 = Release|Any CPU
		{60117A9B-4BB8-472E-BFFF-52CBF67CA95A}.Release|iPhone.ActiveCfg = Release|Any CPU
		{60117A9B-4BB8-472E-BFFF-52CBF67CA95A}.Release|iPhone.Build.0 = Release|Any CPU
		{60117A9B-4BB8-472E-BFFF-52CBF67CA95A}.Release|iPhoneSimulator.ActiveCfg = Release|Any CPU
		{60117A9B-4BB8-472E-BFFF-52CBF67CA95A}.Release|iPhoneSimulator.Build.0 = Release|Any CPU
		{60117A9B-4BB8-472E-BFFF-52CBF67CA95A}.Release|x64.ActiveCfg = Release|Any CPU
		{60117A9B-4BB8-472E-BFFF-52CBF67CA95A}.Release|x64.Build.0 = Release|Any CPU
		{60117A9B-4BB8-472E-BFFF-52CBF67CA95A}.Release|x86.ActiveCfg = Release|Any CPU
		{60117A9B-4BB8-472E-BFFF-52CBF67CA95A}.Release|x86.Build.0 = Release|Any CPU
		{8D14A8FF-6CB9-44B1-B7C4-3C1D79CE8412}.Ad-Hoc|Any CPU.ActiveCfg = Debug|Any CPU
		{8D14A8FF-6CB9-44B1-B7C4-3C1D79CE8412}.Ad-Hoc|Any CPU.Build.0 = Debug|Any CPU
		{8D14A8FF-6CB9-44B1-B7C4-3C1D79CE8412}.Ad-Hoc|ARM.ActiveCfg = Debug|Any CPU
		{8D14A8FF-6CB9-44B1-B7C4-3C1D79CE8412}.Ad-Hoc|ARM.Build.0 = Debug|Any CPU
		{8D14A8FF-6CB9-44B1-B7C4-3C1D79CE8412}.Ad-Hoc|ARM64.ActiveCfg = Appveyor|Any CPU
		{8D14A8FF-6CB9-44B1-B7C4-3C1D79CE8412}.Ad-Hoc|ARM64.Build.0 = Appveyor|Any CPU
		{8D14A8FF-6CB9-44B1-B7C4-3C1D79CE8412}.Ad-Hoc|iPhone.ActiveCfg = Debug|Any CPU
		{8D14A8FF-6CB9-44B1-B7C4-3C1D79CE8412}.Ad-Hoc|iPhone.Build.0 = Debug|Any CPU
		{8D14A8FF-6CB9-44B1-B7C4-3C1D79CE8412}.Ad-Hoc|iPhoneSimulator.ActiveCfg = Debug|Any CPU
		{8D14A8FF-6CB9-44B1-B7C4-3C1D79CE8412}.Ad-Hoc|iPhoneSimulator.Build.0 = Debug|Any CPU
		{8D14A8FF-6CB9-44B1-B7C4-3C1D79CE8412}.Ad-Hoc|x64.ActiveCfg = Debug|Any CPU
		{8D14A8FF-6CB9-44B1-B7C4-3C1D79CE8412}.Ad-Hoc|x64.Build.0 = Debug|Any CPU
		{8D14A8FF-6CB9-44B1-B7C4-3C1D79CE8412}.Ad-Hoc|x86.ActiveCfg = Debug|Any CPU
		{8D14A8FF-6CB9-44B1-B7C4-3C1D79CE8412}.Ad-Hoc|x86.Build.0 = Debug|Any CPU
		{8D14A8FF-6CB9-44B1-B7C4-3C1D79CE8412}.AppStore|Any CPU.ActiveCfg = Debug|Any CPU
		{8D14A8FF-6CB9-44B1-B7C4-3C1D79CE8412}.AppStore|Any CPU.Build.0 = Debug|Any CPU
		{8D14A8FF-6CB9-44B1-B7C4-3C1D79CE8412}.AppStore|ARM.ActiveCfg = Debug|Any CPU
		{8D14A8FF-6CB9-44B1-B7C4-3C1D79CE8412}.AppStore|ARM.Build.0 = Debug|Any CPU
		{8D14A8FF-6CB9-44B1-B7C4-3C1D79CE8412}.AppStore|ARM64.ActiveCfg = Appveyor|Any CPU
		{8D14A8FF-6CB9-44B1-B7C4-3C1D79CE8412}.AppStore|ARM64.Build.0 = Appveyor|Any CPU
		{8D14A8FF-6CB9-44B1-B7C4-3C1D79CE8412}.AppStore|iPhone.ActiveCfg = Debug|Any CPU
		{8D14A8FF-6CB9-44B1-B7C4-3C1D79CE8412}.AppStore|iPhone.Build.0 = Debug|Any CPU
		{8D14A8FF-6CB9-44B1-B7C4-3C1D79CE8412}.AppStore|iPhoneSimulator.ActiveCfg = Debug|Any CPU
		{8D14A8FF-6CB9-44B1-B7C4-3C1D79CE8412}.AppStore|iPhoneSimulator.Build.0 = Debug|Any CPU
		{8D14A8FF-6CB9-44B1-B7C4-3C1D79CE8412}.AppStore|x64.ActiveCfg = Debug|Any CPU
		{8D14A8FF-6CB9-44B1-B7C4-3C1D79CE8412}.AppStore|x64.Build.0 = Debug|Any CPU
		{8D14A8FF-6CB9-44B1-B7C4-3C1D79CE8412}.AppStore|x86.ActiveCfg = Debug|Any CPU
		{8D14A8FF-6CB9-44B1-B7C4-3C1D79CE8412}.AppStore|x86.Build.0 = Debug|Any CPU
		{8D14A8FF-6CB9-44B1-B7C4-3C1D79CE8412}.Appveyor|Any CPU.ActiveCfg = Release|Any CPU
		{8D14A8FF-6CB9-44B1-B7C4-3C1D79CE8412}.Appveyor|Any CPU.Build.0 = Release|Any CPU
		{8D14A8FF-6CB9-44B1-B7C4-3C1D79CE8412}.Appveyor|ARM.ActiveCfg = Release|Any CPU
		{8D14A8FF-6CB9-44B1-B7C4-3C1D79CE8412}.Appveyor|ARM.Build.0 = Release|Any CPU
		{8D14A8FF-6CB9-44B1-B7C4-3C1D79CE8412}.Appveyor|ARM64.ActiveCfg = Appveyor|Any CPU
		{8D14A8FF-6CB9-44B1-B7C4-3C1D79CE8412}.Appveyor|ARM64.Build.0 = Appveyor|Any CPU
		{8D14A8FF-6CB9-44B1-B7C4-3C1D79CE8412}.Appveyor|iPhone.ActiveCfg = Release|Any CPU
		{8D14A8FF-6CB9-44B1-B7C4-3C1D79CE8412}.Appveyor|iPhone.Build.0 = Release|Any CPU
		{8D14A8FF-6CB9-44B1-B7C4-3C1D79CE8412}.Appveyor|iPhoneSimulator.ActiveCfg = Release|Any CPU
		{8D14A8FF-6CB9-44B1-B7C4-3C1D79CE8412}.Appveyor|iPhoneSimulator.Build.0 = Release|Any CPU
		{8D14A8FF-6CB9-44B1-B7C4-3C1D79CE8412}.Appveyor|x64.ActiveCfg = Release|Any CPU
		{8D14A8FF-6CB9-44B1-B7C4-3C1D79CE8412}.Appveyor|x64.Build.0 = Release|Any CPU
		{8D14A8FF-6CB9-44B1-B7C4-3C1D79CE8412}.Appveyor|x86.ActiveCfg = Release|Any CPU
		{8D14A8FF-6CB9-44B1-B7C4-3C1D79CE8412}.Appveyor|x86.Build.0 = Release|Any CPU
		{8D14A8FF-6CB9-44B1-B7C4-3C1D79CE8412}.Debug|Any CPU.ActiveCfg = Debug|Any CPU
		{8D14A8FF-6CB9-44B1-B7C4-3C1D79CE8412}.Debug|Any CPU.Build.0 = Debug|Any CPU
		{8D14A8FF-6CB9-44B1-B7C4-3C1D79CE8412}.Debug|ARM.ActiveCfg = Debug|Any CPU
		{8D14A8FF-6CB9-44B1-B7C4-3C1D79CE8412}.Debug|ARM.Build.0 = Debug|Any CPU
		{8D14A8FF-6CB9-44B1-B7C4-3C1D79CE8412}.Debug|ARM64.ActiveCfg = Debug|Any CPU
		{8D14A8FF-6CB9-44B1-B7C4-3C1D79CE8412}.Debug|ARM64.Build.0 = Debug|Any CPU
		{8D14A8FF-6CB9-44B1-B7C4-3C1D79CE8412}.Debug|iPhone.ActiveCfg = Debug|Any CPU
		{8D14A8FF-6CB9-44B1-B7C4-3C1D79CE8412}.Debug|iPhone.Build.0 = Debug|Any CPU
		{8D14A8FF-6CB9-44B1-B7C4-3C1D79CE8412}.Debug|iPhoneSimulator.ActiveCfg = Debug|Any CPU
		{8D14A8FF-6CB9-44B1-B7C4-3C1D79CE8412}.Debug|iPhoneSimulator.Build.0 = Debug|Any CPU
		{8D14A8FF-6CB9-44B1-B7C4-3C1D79CE8412}.Debug|x64.ActiveCfg = Debug|Any CPU
		{8D14A8FF-6CB9-44B1-B7C4-3C1D79CE8412}.Debug|x64.Build.0 = Debug|Any CPU
		{8D14A8FF-6CB9-44B1-B7C4-3C1D79CE8412}.Debug|x86.ActiveCfg = Debug|Any CPU
		{8D14A8FF-6CB9-44B1-B7C4-3C1D79CE8412}.Debug|x86.Build.0 = Debug|Any CPU
		{8D14A8FF-6CB9-44B1-B7C4-3C1D79CE8412}.Release|Any CPU.ActiveCfg = Release|Any CPU
		{8D14A8FF-6CB9-44B1-B7C4-3C1D79CE8412}.Release|Any CPU.Build.0 = Release|Any CPU
		{8D14A8FF-6CB9-44B1-B7C4-3C1D79CE8412}.Release|ARM.ActiveCfg = Release|Any CPU
		{8D14A8FF-6CB9-44B1-B7C4-3C1D79CE8412}.Release|ARM.Build.0 = Release|Any CPU
		{8D14A8FF-6CB9-44B1-B7C4-3C1D79CE8412}.Release|ARM64.ActiveCfg = Release|Any CPU
		{8D14A8FF-6CB9-44B1-B7C4-3C1D79CE8412}.Release|ARM64.Build.0 = Release|Any CPU
		{8D14A8FF-6CB9-44B1-B7C4-3C1D79CE8412}.Release|iPhone.ActiveCfg = Release|Any CPU
		{8D14A8FF-6CB9-44B1-B7C4-3C1D79CE8412}.Release|iPhone.Build.0 = Release|Any CPU
		{8D14A8FF-6CB9-44B1-B7C4-3C1D79CE8412}.Release|iPhoneSimulator.ActiveCfg = Release|Any CPU
		{8D14A8FF-6CB9-44B1-B7C4-3C1D79CE8412}.Release|iPhoneSimulator.Build.0 = Release|Any CPU
		{8D14A8FF-6CB9-44B1-B7C4-3C1D79CE8412}.Release|x64.ActiveCfg = Release|Any CPU
		{8D14A8FF-6CB9-44B1-B7C4-3C1D79CE8412}.Release|x64.Build.0 = Release|Any CPU
		{8D14A8FF-6CB9-44B1-B7C4-3C1D79CE8412}.Release|x86.ActiveCfg = Release|Any CPU
		{8D14A8FF-6CB9-44B1-B7C4-3C1D79CE8412}.Release|x86.Build.0 = Release|Any CPU
		{146ECCB6-C3F1-4E97-BC52-20FEB7785C62}.Ad-Hoc|Any CPU.ActiveCfg = Ad-Hoc|iPhone
		{146ECCB6-C3F1-4E97-BC52-20FEB7785C62}.Ad-Hoc|ARM.ActiveCfg = Ad-Hoc|iPhone
		{146ECCB6-C3F1-4E97-BC52-20FEB7785C62}.Ad-Hoc|ARM64.ActiveCfg = Ad-Hoc|iPhoneSimulator
		{146ECCB6-C3F1-4E97-BC52-20FEB7785C62}.Ad-Hoc|iPhone.ActiveCfg = Ad-Hoc|iPhone
		{146ECCB6-C3F1-4E97-BC52-20FEB7785C62}.Ad-Hoc|iPhone.Build.0 = Ad-Hoc|iPhone
		{146ECCB6-C3F1-4E97-BC52-20FEB7785C62}.Ad-Hoc|iPhoneSimulator.ActiveCfg = Ad-Hoc|iPhoneSimulator
		{146ECCB6-C3F1-4E97-BC52-20FEB7785C62}.Ad-Hoc|iPhoneSimulator.Build.0 = Ad-Hoc|iPhoneSimulator
		{146ECCB6-C3F1-4E97-BC52-20FEB7785C62}.Ad-Hoc|x64.ActiveCfg = Ad-Hoc|iPhone
		{146ECCB6-C3F1-4E97-BC52-20FEB7785C62}.Ad-Hoc|x86.ActiveCfg = Ad-Hoc|iPhone
		{146ECCB6-C3F1-4E97-BC52-20FEB7785C62}.AppStore|Any CPU.ActiveCfg = AppStore|iPhone
		{146ECCB6-C3F1-4E97-BC52-20FEB7785C62}.AppStore|ARM.ActiveCfg = AppStore|iPhone
		{146ECCB6-C3F1-4E97-BC52-20FEB7785C62}.AppStore|ARM64.ActiveCfg = AppStore|iPhoneSimulator
		{146ECCB6-C3F1-4E97-BC52-20FEB7785C62}.AppStore|iPhone.ActiveCfg = AppStore|iPhone
		{146ECCB6-C3F1-4E97-BC52-20FEB7785C62}.AppStore|iPhone.Build.0 = AppStore|iPhone
		{146ECCB6-C3F1-4E97-BC52-20FEB7785C62}.AppStore|iPhoneSimulator.ActiveCfg = AppStore|iPhoneSimulator
		{146ECCB6-C3F1-4E97-BC52-20FEB7785C62}.AppStore|iPhoneSimulator.Build.0 = AppStore|iPhoneSimulator
		{146ECCB6-C3F1-4E97-BC52-20FEB7785C62}.AppStore|x64.ActiveCfg = AppStore|iPhone
		{146ECCB6-C3F1-4E97-BC52-20FEB7785C62}.AppStore|x86.ActiveCfg = AppStore|iPhone
		{146ECCB6-C3F1-4E97-BC52-20FEB7785C62}.Appveyor|Any CPU.ActiveCfg = Release|iPhone
		{146ECCB6-C3F1-4E97-BC52-20FEB7785C62}.Appveyor|Any CPU.Build.0 = Release|iPhone
		{146ECCB6-C3F1-4E97-BC52-20FEB7785C62}.Appveyor|ARM.ActiveCfg = Appveyor|iPhone
		{146ECCB6-C3F1-4E97-BC52-20FEB7785C62}.Appveyor|ARM64.ActiveCfg = Appveyor|iPhoneSimulator
		{146ECCB6-C3F1-4E97-BC52-20FEB7785C62}.Appveyor|iPhone.ActiveCfg = Appveyor|iPhone
		{146ECCB6-C3F1-4E97-BC52-20FEB7785C62}.Appveyor|iPhone.Build.0 = Appveyor|iPhone
		{146ECCB6-C3F1-4E97-BC52-20FEB7785C62}.Appveyor|iPhoneSimulator.ActiveCfg = Appveyor|iPhoneSimulator
		{146ECCB6-C3F1-4E97-BC52-20FEB7785C62}.Appveyor|iPhoneSimulator.Build.0 = Appveyor|iPhoneSimulator
		{146ECCB6-C3F1-4E97-BC52-20FEB7785C62}.Appveyor|x64.ActiveCfg = Appveyor|iPhone
		{146ECCB6-C3F1-4E97-BC52-20FEB7785C62}.Appveyor|x86.ActiveCfg = Appveyor|iPhone
		{146ECCB6-C3F1-4E97-BC52-20FEB7785C62}.Debug|Any CPU.ActiveCfg = Debug|iPhone
		{146ECCB6-C3F1-4E97-BC52-20FEB7785C62}.Debug|Any CPU.Build.0 = Debug|iPhone
		{146ECCB6-C3F1-4E97-BC52-20FEB7785C62}.Debug|ARM.ActiveCfg = Debug|iPhone
		{146ECCB6-C3F1-4E97-BC52-20FEB7785C62}.Debug|ARM64.ActiveCfg = Debug|iPhoneSimulator
		{146ECCB6-C3F1-4E97-BC52-20FEB7785C62}.Debug|iPhone.ActiveCfg = Debug|iPhone
		{146ECCB6-C3F1-4E97-BC52-20FEB7785C62}.Debug|iPhone.Build.0 = Debug|iPhone
		{146ECCB6-C3F1-4E97-BC52-20FEB7785C62}.Debug|iPhoneSimulator.ActiveCfg = Debug|iPhoneSimulator
		{146ECCB6-C3F1-4E97-BC52-20FEB7785C62}.Debug|iPhoneSimulator.Build.0 = Debug|iPhoneSimulator
		{146ECCB6-C3F1-4E97-BC52-20FEB7785C62}.Debug|x64.ActiveCfg = Debug|iPhone
		{146ECCB6-C3F1-4E97-BC52-20FEB7785C62}.Debug|x86.ActiveCfg = Debug|iPhone
		{146ECCB6-C3F1-4E97-BC52-20FEB7785C62}.Release|Any CPU.ActiveCfg = Release|iPhone
		{146ECCB6-C3F1-4E97-BC52-20FEB7785C62}.Release|Any CPU.Build.0 = Release|iPhone
		{146ECCB6-C3F1-4E97-BC52-20FEB7785C62}.Release|ARM.ActiveCfg = Release|iPhone
		{146ECCB6-C3F1-4E97-BC52-20FEB7785C62}.Release|ARM64.ActiveCfg = Release|iPhoneSimulator
		{146ECCB6-C3F1-4E97-BC52-20FEB7785C62}.Release|iPhone.ActiveCfg = Release|iPhone
		{146ECCB6-C3F1-4E97-BC52-20FEB7785C62}.Release|iPhone.Build.0 = Release|iPhone
		{146ECCB6-C3F1-4E97-BC52-20FEB7785C62}.Release|iPhoneSimulator.ActiveCfg = Release|iPhoneSimulator
		{146ECCB6-C3F1-4E97-BC52-20FEB7785C62}.Release|iPhoneSimulator.Build.0 = Release|iPhoneSimulator
		{146ECCB6-C3F1-4E97-BC52-20FEB7785C62}.Release|x64.ActiveCfg = Release|iPhone
		{146ECCB6-C3F1-4E97-BC52-20FEB7785C62}.Release|x86.ActiveCfg = Release|iPhone
		{91E9E564-8A44-457B-A97C-E76C9F6275D6}.Ad-Hoc|Any CPU.ActiveCfg = Debug|Any CPU
		{91E9E564-8A44-457B-A97C-E76C9F6275D6}.Ad-Hoc|Any CPU.Build.0 = Debug|Any CPU
		{91E9E564-8A44-457B-A97C-E76C9F6275D6}.Ad-Hoc|ARM.ActiveCfg = Debug|Any CPU
		{91E9E564-8A44-457B-A97C-E76C9F6275D6}.Ad-Hoc|ARM.Build.0 = Debug|Any CPU
		{91E9E564-8A44-457B-A97C-E76C9F6275D6}.Ad-Hoc|ARM64.ActiveCfg = Debug|Any CPU
		{91E9E564-8A44-457B-A97C-E76C9F6275D6}.Ad-Hoc|ARM64.Build.0 = Debug|Any CPU
		{91E9E564-8A44-457B-A97C-E76C9F6275D6}.Ad-Hoc|iPhone.ActiveCfg = Debug|Any CPU
		{91E9E564-8A44-457B-A97C-E76C9F6275D6}.Ad-Hoc|iPhone.Build.0 = Debug|Any CPU
		{91E9E564-8A44-457B-A97C-E76C9F6275D6}.Ad-Hoc|iPhoneSimulator.ActiveCfg = Debug|Any CPU
		{91E9E564-8A44-457B-A97C-E76C9F6275D6}.Ad-Hoc|iPhoneSimulator.Build.0 = Debug|Any CPU
		{91E9E564-8A44-457B-A97C-E76C9F6275D6}.Ad-Hoc|x64.ActiveCfg = Debug|Any CPU
		{91E9E564-8A44-457B-A97C-E76C9F6275D6}.Ad-Hoc|x64.Build.0 = Debug|Any CPU
		{91E9E564-8A44-457B-A97C-E76C9F6275D6}.Ad-Hoc|x86.ActiveCfg = Debug|Any CPU
		{91E9E564-8A44-457B-A97C-E76C9F6275D6}.Ad-Hoc|x86.Build.0 = Debug|Any CPU
		{91E9E564-8A44-457B-A97C-E76C9F6275D6}.AppStore|Any CPU.ActiveCfg = Debug|Any CPU
		{91E9E564-8A44-457B-A97C-E76C9F6275D6}.AppStore|Any CPU.Build.0 = Debug|Any CPU
		{91E9E564-8A44-457B-A97C-E76C9F6275D6}.AppStore|ARM.ActiveCfg = Debug|Any CPU
		{91E9E564-8A44-457B-A97C-E76C9F6275D6}.AppStore|ARM.Build.0 = Debug|Any CPU
		{91E9E564-8A44-457B-A97C-E76C9F6275D6}.AppStore|ARM64.ActiveCfg = Debug|Any CPU
		{91E9E564-8A44-457B-A97C-E76C9F6275D6}.AppStore|ARM64.Build.0 = Debug|Any CPU
		{91E9E564-8A44-457B-A97C-E76C9F6275D6}.AppStore|iPhone.ActiveCfg = Debug|Any CPU
		{91E9E564-8A44-457B-A97C-E76C9F6275D6}.AppStore|iPhone.Build.0 = Debug|Any CPU
		{91E9E564-8A44-457B-A97C-E76C9F6275D6}.AppStore|iPhoneSimulator.ActiveCfg = Debug|Any CPU
		{91E9E564-8A44-457B-A97C-E76C9F6275D6}.AppStore|iPhoneSimulator.Build.0 = Debug|Any CPU
		{91E9E564-8A44-457B-A97C-E76C9F6275D6}.AppStore|x64.ActiveCfg = Debug|Any CPU
		{91E9E564-8A44-457B-A97C-E76C9F6275D6}.AppStore|x64.Build.0 = Debug|Any CPU
		{91E9E564-8A44-457B-A97C-E76C9F6275D6}.AppStore|x86.ActiveCfg = Debug|Any CPU
		{91E9E564-8A44-457B-A97C-E76C9F6275D6}.AppStore|x86.Build.0 = Debug|Any CPU
		{91E9E564-8A44-457B-A97C-E76C9F6275D6}.Appveyor|Any CPU.ActiveCfg = Debug|Any CPU
		{91E9E564-8A44-457B-A97C-E76C9F6275D6}.Appveyor|Any CPU.Build.0 = Debug|Any CPU
		{91E9E564-8A44-457B-A97C-E76C9F6275D6}.Appveyor|ARM.ActiveCfg = Debug|Any CPU
		{91E9E564-8A44-457B-A97C-E76C9F6275D6}.Appveyor|ARM.Build.0 = Debug|Any CPU
		{91E9E564-8A44-457B-A97C-E76C9F6275D6}.Appveyor|ARM64.ActiveCfg = Debug|Any CPU
		{91E9E564-8A44-457B-A97C-E76C9F6275D6}.Appveyor|ARM64.Build.0 = Debug|Any CPU
		{91E9E564-8A44-457B-A97C-E76C9F6275D6}.Appveyor|iPhone.ActiveCfg = Debug|Any CPU
		{91E9E564-8A44-457B-A97C-E76C9F6275D6}.Appveyor|iPhone.Build.0 = Debug|Any CPU
		{91E9E564-8A44-457B-A97C-E76C9F6275D6}.Appveyor|iPhoneSimulator.ActiveCfg = Debug|Any CPU
		{91E9E564-8A44-457B-A97C-E76C9F6275D6}.Appveyor|iPhoneSimulator.Build.0 = Debug|Any CPU
		{91E9E564-8A44-457B-A97C-E76C9F6275D6}.Appveyor|x64.ActiveCfg = Debug|Any CPU
		{91E9E564-8A44-457B-A97C-E76C9F6275D6}.Appveyor|x64.Build.0 = Debug|Any CPU
		{91E9E564-8A44-457B-A97C-E76C9F6275D6}.Appveyor|x86.ActiveCfg = Debug|Any CPU
		{91E9E564-8A44-457B-A97C-E76C9F6275D6}.Appveyor|x86.Build.0 = Debug|Any CPU
		{91E9E564-8A44-457B-A97C-E76C9F6275D6}.Debug|Any CPU.ActiveCfg = Debug|Any CPU
		{91E9E564-8A44-457B-A97C-E76C9F6275D6}.Debug|Any CPU.Build.0 = Debug|Any CPU
		{91E9E564-8A44-457B-A97C-E76C9F6275D6}.Debug|ARM.ActiveCfg = Debug|Any CPU
		{91E9E564-8A44-457B-A97C-E76C9F6275D6}.Debug|ARM.Build.0 = Debug|Any CPU
		{91E9E564-8A44-457B-A97C-E76C9F6275D6}.Debug|ARM64.ActiveCfg = Debug|Any CPU
		{91E9E564-8A44-457B-A97C-E76C9F6275D6}.Debug|ARM64.Build.0 = Debug|Any CPU
		{91E9E564-8A44-457B-A97C-E76C9F6275D6}.Debug|iPhone.ActiveCfg = Debug|Any CPU
		{91E9E564-8A44-457B-A97C-E76C9F6275D6}.Debug|iPhone.Build.0 = Debug|Any CPU
		{91E9E564-8A44-457B-A97C-E76C9F6275D6}.Debug|iPhoneSimulator.ActiveCfg = Debug|Any CPU
		{91E9E564-8A44-457B-A97C-E76C9F6275D6}.Debug|iPhoneSimulator.Build.0 = Debug|Any CPU
		{91E9E564-8A44-457B-A97C-E76C9F6275D6}.Debug|x64.ActiveCfg = Debug|Any CPU
		{91E9E564-8A44-457B-A97C-E76C9F6275D6}.Debug|x64.Build.0 = Debug|Any CPU
		{91E9E564-8A44-457B-A97C-E76C9F6275D6}.Debug|x86.ActiveCfg = Debug|Any CPU
		{91E9E564-8A44-457B-A97C-E76C9F6275D6}.Debug|x86.Build.0 = Debug|Any CPU
		{91E9E564-8A44-457B-A97C-E76C9F6275D6}.Release|Any CPU.ActiveCfg = Release|Any CPU
		{91E9E564-8A44-457B-A97C-E76C9F6275D6}.Release|Any CPU.Build.0 = Release|Any CPU
		{91E9E564-8A44-457B-A97C-E76C9F6275D6}.Release|ARM.ActiveCfg = Release|Any CPU
		{91E9E564-8A44-457B-A97C-E76C9F6275D6}.Release|ARM.Build.0 = Release|Any CPU
		{91E9E564-8A44-457B-A97C-E76C9F6275D6}.Release|ARM64.ActiveCfg = Release|Any CPU
		{91E9E564-8A44-457B-A97C-E76C9F6275D6}.Release|ARM64.Build.0 = Release|Any CPU
		{91E9E564-8A44-457B-A97C-E76C9F6275D6}.Release|iPhone.ActiveCfg = Release|Any CPU
		{91E9E564-8A44-457B-A97C-E76C9F6275D6}.Release|iPhone.Build.0 = Release|Any CPU
		{91E9E564-8A44-457B-A97C-E76C9F6275D6}.Release|iPhoneSimulator.ActiveCfg = Release|Any CPU
		{91E9E564-8A44-457B-A97C-E76C9F6275D6}.Release|iPhoneSimulator.Build.0 = Release|Any CPU
		{91E9E564-8A44-457B-A97C-E76C9F6275D6}.Release|x64.ActiveCfg = Release|Any CPU
		{91E9E564-8A44-457B-A97C-E76C9F6275D6}.Release|x64.Build.0 = Release|Any CPU
		{91E9E564-8A44-457B-A97C-E76C9F6275D6}.Release|x86.ActiveCfg = Release|Any CPU
		{91E9E564-8A44-457B-A97C-E76C9F6275D6}.Release|x86.Build.0 = Release|Any CPU
		{B3FD3E41-2331-4923-80C5-DF3A9B3B9A0C}.Ad-Hoc|Any CPU.ActiveCfg = Debug|Any CPU
		{B3FD3E41-2331-4923-80C5-DF3A9B3B9A0C}.Ad-Hoc|Any CPU.Build.0 = Debug|Any CPU
		{B3FD3E41-2331-4923-80C5-DF3A9B3B9A0C}.Ad-Hoc|ARM.ActiveCfg = Debug|Any CPU
		{B3FD3E41-2331-4923-80C5-DF3A9B3B9A0C}.Ad-Hoc|ARM.Build.0 = Debug|Any CPU
		{B3FD3E41-2331-4923-80C5-DF3A9B3B9A0C}.Ad-Hoc|ARM64.ActiveCfg = Debug|Any CPU
		{B3FD3E41-2331-4923-80C5-DF3A9B3B9A0C}.Ad-Hoc|ARM64.Build.0 = Debug|Any CPU
		{B3FD3E41-2331-4923-80C5-DF3A9B3B9A0C}.Ad-Hoc|iPhone.ActiveCfg = Debug|Any CPU
		{B3FD3E41-2331-4923-80C5-DF3A9B3B9A0C}.Ad-Hoc|iPhone.Build.0 = Debug|Any CPU
		{B3FD3E41-2331-4923-80C5-DF3A9B3B9A0C}.Ad-Hoc|iPhoneSimulator.ActiveCfg = Debug|Any CPU
		{B3FD3E41-2331-4923-80C5-DF3A9B3B9A0C}.Ad-Hoc|iPhoneSimulator.Build.0 = Debug|Any CPU
		{B3FD3E41-2331-4923-80C5-DF3A9B3B9A0C}.Ad-Hoc|x64.ActiveCfg = Debug|Any CPU
		{B3FD3E41-2331-4923-80C5-DF3A9B3B9A0C}.Ad-Hoc|x64.Build.0 = Debug|Any CPU
		{B3FD3E41-2331-4923-80C5-DF3A9B3B9A0C}.Ad-Hoc|x86.ActiveCfg = Debug|Any CPU
		{B3FD3E41-2331-4923-80C5-DF3A9B3B9A0C}.Ad-Hoc|x86.Build.0 = Debug|Any CPU
		{B3FD3E41-2331-4923-80C5-DF3A9B3B9A0C}.AppStore|Any CPU.ActiveCfg = Debug|Any CPU
		{B3FD3E41-2331-4923-80C5-DF3A9B3B9A0C}.AppStore|Any CPU.Build.0 = Debug|Any CPU
		{B3FD3E41-2331-4923-80C5-DF3A9B3B9A0C}.AppStore|ARM.ActiveCfg = Debug|Any CPU
		{B3FD3E41-2331-4923-80C5-DF3A9B3B9A0C}.AppStore|ARM.Build.0 = Debug|Any CPU
		{B3FD3E41-2331-4923-80C5-DF3A9B3B9A0C}.AppStore|ARM64.ActiveCfg = Debug|Any CPU
		{B3FD3E41-2331-4923-80C5-DF3A9B3B9A0C}.AppStore|ARM64.Build.0 = Debug|Any CPU
		{B3FD3E41-2331-4923-80C5-DF3A9B3B9A0C}.AppStore|iPhone.ActiveCfg = Debug|Any CPU
		{B3FD3E41-2331-4923-80C5-DF3A9B3B9A0C}.AppStore|iPhone.Build.0 = Debug|Any CPU
		{B3FD3E41-2331-4923-80C5-DF3A9B3B9A0C}.AppStore|iPhoneSimulator.ActiveCfg = Debug|Any CPU
		{B3FD3E41-2331-4923-80C5-DF3A9B3B9A0C}.AppStore|iPhoneSimulator.Build.0 = Debug|Any CPU
		{B3FD3E41-2331-4923-80C5-DF3A9B3B9A0C}.AppStore|x64.ActiveCfg = Debug|Any CPU
		{B3FD3E41-2331-4923-80C5-DF3A9B3B9A0C}.AppStore|x64.Build.0 = Debug|Any CPU
		{B3FD3E41-2331-4923-80C5-DF3A9B3B9A0C}.AppStore|x86.ActiveCfg = Debug|Any CPU
		{B3FD3E41-2331-4923-80C5-DF3A9B3B9A0C}.AppStore|x86.Build.0 = Debug|Any CPU
		{B3FD3E41-2331-4923-80C5-DF3A9B3B9A0C}.Appveyor|Any CPU.ActiveCfg = Debug|Any CPU
		{B3FD3E41-2331-4923-80C5-DF3A9B3B9A0C}.Appveyor|Any CPU.Build.0 = Debug|Any CPU
		{B3FD3E41-2331-4923-80C5-DF3A9B3B9A0C}.Appveyor|ARM.ActiveCfg = Debug|Any CPU
		{B3FD3E41-2331-4923-80C5-DF3A9B3B9A0C}.Appveyor|ARM.Build.0 = Debug|Any CPU
		{B3FD3E41-2331-4923-80C5-DF3A9B3B9A0C}.Appveyor|ARM64.ActiveCfg = Debug|Any CPU
		{B3FD3E41-2331-4923-80C5-DF3A9B3B9A0C}.Appveyor|ARM64.Build.0 = Debug|Any CPU
		{B3FD3E41-2331-4923-80C5-DF3A9B3B9A0C}.Appveyor|iPhone.ActiveCfg = Debug|Any CPU
		{B3FD3E41-2331-4923-80C5-DF3A9B3B9A0C}.Appveyor|iPhone.Build.0 = Debug|Any CPU
		{B3FD3E41-2331-4923-80C5-DF3A9B3B9A0C}.Appveyor|iPhoneSimulator.ActiveCfg = Debug|Any CPU
		{B3FD3E41-2331-4923-80C5-DF3A9B3B9A0C}.Appveyor|iPhoneSimulator.Build.0 = Debug|Any CPU
		{B3FD3E41-2331-4923-80C5-DF3A9B3B9A0C}.Appveyor|x64.ActiveCfg = Debug|Any CPU
		{B3FD3E41-2331-4923-80C5-DF3A9B3B9A0C}.Appveyor|x64.Build.0 = Debug|Any CPU
		{B3FD3E41-2331-4923-80C5-DF3A9B3B9A0C}.Appveyor|x86.ActiveCfg = Debug|Any CPU
		{B3FD3E41-2331-4923-80C5-DF3A9B3B9A0C}.Appveyor|x86.Build.0 = Debug|Any CPU
		{B3FD3E41-2331-4923-80C5-DF3A9B3B9A0C}.Debug|Any CPU.ActiveCfg = Debug|Any CPU
		{B3FD3E41-2331-4923-80C5-DF3A9B3B9A0C}.Debug|Any CPU.Build.0 = Debug|Any CPU
		{B3FD3E41-2331-4923-80C5-DF3A9B3B9A0C}.Debug|ARM.ActiveCfg = Debug|Any CPU
		{B3FD3E41-2331-4923-80C5-DF3A9B3B9A0C}.Debug|ARM.Build.0 = Debug|Any CPU
		{B3FD3E41-2331-4923-80C5-DF3A9B3B9A0C}.Debug|ARM64.ActiveCfg = Debug|Any CPU
		{B3FD3E41-2331-4923-80C5-DF3A9B3B9A0C}.Debug|ARM64.Build.0 = Debug|Any CPU
		{B3FD3E41-2331-4923-80C5-DF3A9B3B9A0C}.Debug|iPhone.ActiveCfg = Debug|Any CPU
		{B3FD3E41-2331-4923-80C5-DF3A9B3B9A0C}.Debug|iPhone.Build.0 = Debug|Any CPU
		{B3FD3E41-2331-4923-80C5-DF3A9B3B9A0C}.Debug|iPhoneSimulator.ActiveCfg = Debug|Any CPU
		{B3FD3E41-2331-4923-80C5-DF3A9B3B9A0C}.Debug|iPhoneSimulator.Build.0 = Debug|Any CPU
		{B3FD3E41-2331-4923-80C5-DF3A9B3B9A0C}.Debug|x64.ActiveCfg = Debug|Any CPU
		{B3FD3E41-2331-4923-80C5-DF3A9B3B9A0C}.Debug|x64.Build.0 = Debug|Any CPU
		{B3FD3E41-2331-4923-80C5-DF3A9B3B9A0C}.Debug|x86.ActiveCfg = Debug|Any CPU
		{B3FD3E41-2331-4923-80C5-DF3A9B3B9A0C}.Debug|x86.Build.0 = Debug|Any CPU
		{B3FD3E41-2331-4923-80C5-DF3A9B3B9A0C}.Release|Any CPU.ActiveCfg = Release|Any CPU
		{B3FD3E41-2331-4923-80C5-DF3A9B3B9A0C}.Release|Any CPU.Build.0 = Release|Any CPU
		{B3FD3E41-2331-4923-80C5-DF3A9B3B9A0C}.Release|ARM.ActiveCfg = Release|Any CPU
		{B3FD3E41-2331-4923-80C5-DF3A9B3B9A0C}.Release|ARM.Build.0 = Release|Any CPU
		{B3FD3E41-2331-4923-80C5-DF3A9B3B9A0C}.Release|ARM64.ActiveCfg = Release|Any CPU
		{B3FD3E41-2331-4923-80C5-DF3A9B3B9A0C}.Release|ARM64.Build.0 = Release|Any CPU
		{B3FD3E41-2331-4923-80C5-DF3A9B3B9A0C}.Release|iPhone.ActiveCfg = Release|Any CPU
		{B3FD3E41-2331-4923-80C5-DF3A9B3B9A0C}.Release|iPhone.Build.0 = Release|Any CPU
		{B3FD3E41-2331-4923-80C5-DF3A9B3B9A0C}.Release|iPhoneSimulator.ActiveCfg = Release|Any CPU
		{B3FD3E41-2331-4923-80C5-DF3A9B3B9A0C}.Release|iPhoneSimulator.Build.0 = Release|Any CPU
		{B3FD3E41-2331-4923-80C5-DF3A9B3B9A0C}.Release|x64.ActiveCfg = Release|Any CPU
		{B3FD3E41-2331-4923-80C5-DF3A9B3B9A0C}.Release|x64.Build.0 = Release|Any CPU
		{B3FD3E41-2331-4923-80C5-DF3A9B3B9A0C}.Release|x86.ActiveCfg = Release|Any CPU
		{B3FD3E41-2331-4923-80C5-DF3A9B3B9A0C}.Release|x86.Build.0 = Release|Any CPU
	EndGlobalSection
	GlobalSection(SolutionProperties) = preSolution
		HideSolutionNode = FALSE
	EndGlobalSection
	GlobalSection(NestedProjects) = preSolution
		{AECE489D-9ED4-442D-8D8F-0F383AEBB781} = {D62811A9-35C0-43C9-926A-51EC4D6F7AD8}
		{D62811A9-35C0-43C9-926A-51EC4D6F7AD8} = {A9AB2476-ED5F-4804-90F5-16C1F286C73A}
		{CF9400D7-1CFA-4495-AA6D-24105B10801A} = {A9AB2476-ED5F-4804-90F5-16C1F286C73A}
		{54CB21B9-187C-4E63-9022-A9964886C56D} = {A9AB2476-ED5F-4804-90F5-16C1F286C73A}
		{32A145D6-95A9-4232-B33E-AC4D9C392114} = {54CB21B9-187C-4E63-9022-A9964886C56D}
		{856EA096-2283-49B6-B2CD-5C603551D150} = {32A145D6-95A9-4232-B33E-AC4D9C392114}
		{FDED3627-94FD-4886-A540-3AC05380095B} = {32A145D6-95A9-4232-B33E-AC4D9C392114}
		{412F8F05-2694-4D2E-8FE0-A821721CF682} = {CF9400D7-1CFA-4495-AA6D-24105B10801A}
		{3EEF5981-8F11-4F54-9DDF-2F63C574D028} = {88E00ABD-6C6D-4A96-86E2-FB15CA18F4B9}
		{88E00ABD-6C6D-4A96-86E2-FB15CA18F4B9} = {1B80E121-55C5-48A5-8285-0AB9719244E6}
		{60117A9B-4BB8-472E-BFFF-52CBF67CA95A} = {16EFED33-2014-430A-B76A-F75BC08B18E2}
		{16EFED33-2014-430A-B76A-F75BC08B18E2} = {68B4CCE9-FBC2-4537-9AD8-C4692CD6661B}
		{34BE693E-3496-45A4-B1D2-D3A0E068EEDB} = {68B4CCE9-FBC2-4537-9AD8-C4692CD6661B}
		{3761DEF3-458C-4CE2-BE94-4FC9D12217CC} = {34BE693E-3496-45A4-B1D2-D3A0E068EEDB}
		{8D14A8FF-6CB9-44B1-B7C4-3C1D79CE8412} = {3761DEF3-458C-4CE2-BE94-4FC9D12217CC}
		{146ECCB6-C3F1-4E97-BC52-20FEB7785C62} = {3761DEF3-458C-4CE2-BE94-4FC9D12217CC}
		{91E9E564-8A44-457B-A97C-E76C9F6275D6} = {CF9400D7-1CFA-4495-AA6D-24105B10801A}
		{B3FD3E41-2331-4923-80C5-DF3A9B3B9A0C} = {CF9400D7-1CFA-4495-AA6D-24105B10801A}
	EndGlobalSection
	GlobalSection(ExtensibilityGlobals) = postSolution
		SolutionGuid = {020399A9-DC27-4B82-9CAA-EF488665AC27}
	EndGlobalSection
EndGlobal
